// !$*UTF8*$!
{
	archiveVersion = 1;
	classes = {
	};
	objectVersion = 46;
	objects = {

/* Begin PBXBuildFile section */
		91E0E86C1C81B1FC002DFC8E /* AppDelegate.swift in Sources */ = {isa = PBXBuildFile; fileRef = 91E0E86B1C81B1FC002DFC8E /* AppDelegate.swift */; };
		91E0E86E1C81B1FC002DFC8E /* ViewController.swift in Sources */ = {isa = PBXBuildFile; fileRef = 91E0E86D1C81B1FC002DFC8E /* ViewController.swift */; };
		91E0E8711C81B1FC002DFC8E /* Main.storyboard in Resources */ = {isa = PBXBuildFile; fileRef = 91E0E86F1C81B1FC002DFC8E /* Main.storyboard */; };
		91E0E8741C81B1FC002DFC8E /* Open_Book.xcdatamodeld in Sources */ = {isa = PBXBuildFile; fileRef = 91E0E8721C81B1FC002DFC8E /* Open_Book.xcdatamodeld */; };
		91E0E8761C81B1FC002DFC8E /* Assets.xcassets in Resources */ = {isa = PBXBuildFile; fileRef = 91E0E8751C81B1FC002DFC8E /* Assets.xcassets */; };
		91E0E8791C81B1FC002DFC8E /* LaunchScreen.storyboard in Resources */ = {isa = PBXBuildFile; fileRef = 91E0E8771C81B1FC002DFC8E /* LaunchScreen.storyboard */; };
		91E0E8841C81B1FD002DFC8E /* Open_BookTests.swift in Sources */ = {isa = PBXBuildFile; fileRef = 91E0E8831C81B1FD002DFC8E /* Open_BookTests.swift */; };
		91E0E88F1C81B1FD002DFC8E /* Open_BookUITests.swift in Sources */ = {isa = PBXBuildFile; fileRef = 91E0E88E1C81B1FD002DFC8E /* Open_BookUITests.swift */; };
		91E0E89D1C81B221002DFC8E /* Constants.swift in Sources */ = {isa = PBXBuildFile; fileRef = 91E0E89C1C81B221002DFC8E /* Constants.swift */; };
/* End PBXBuildFile section */

/* Begin PBXContainerItemProxy section */
		91E0E8801C81B1FD002DFC8E /* PBXContainerItemProxy */ = {
			isa = PBXContainerItemProxy;
			containerPortal = 91E0E8601C81B1FC002DFC8E /* Project object */;
			proxyType = 1;
			remoteGlobalIDString = 91E0E8671C81B1FC002DFC8E;
			remoteInfo = "Open Book";
		};
		91E0E88B1C81B1FD002DFC8E /* PBXContainerItemProxy */ = {
			isa = PBXContainerItemProxy;
			containerPortal = 91E0E8601C81B1FC002DFC8E /* Project object */;
			proxyType = 1;
			remoteGlobalIDString = 91E0E8671C81B1FC002DFC8E;
			remoteInfo = "Open Book";
		};
/* End PBXContainerItemProxy section */

/* Begin PBXFileReference section */
		91E0E8681C81B1FC002DFC8E /* Open Book.app */ = {isa = PBXFileReference; explicitFileType = wrapper.application; includeInIndex = 0; path = "Open Book.app"; sourceTree = BUILT_PRODUCTS_DIR; };
		91E0E86B1C81B1FC002DFC8E /* AppDelegate.swift */ = {isa = PBXFileReference; lastKnownFileType = sourcecode.swift; path = AppDelegate.swift; sourceTree = "<group>"; };
		91E0E86D1C81B1FC002DFC8E /* ViewController.swift */ = {isa = PBXFileReference; lastKnownFileType = sourcecode.swift; path = ViewController.swift; sourceTree = "<group>"; };
		91E0E8701C81B1FC002DFC8E /* Base */ = {isa = PBXFileReference; lastKnownFileType = file.storyboard; name = Base; path = Base.lproj/Main.storyboard; sourceTree = "<group>"; };
		91E0E8731C81B1FC002DFC8E /* Open_Book.xcdatamodel */ = {isa = PBXFileReference; lastKnownFileType = wrapper.xcdatamodel; path = Open_Book.xcdatamodel; sourceTree = "<group>"; };
		91E0E8751C81B1FC002DFC8E /* Assets.xcassets */ = {isa = PBXFileReference; lastKnownFileType = folder.assetcatalog; path = Assets.xcassets; sourceTree = "<group>"; };
		91E0E8781C81B1FC002DFC8E /* Base */ = {isa = PBXFileReference; lastKnownFileType = file.storyboard; name = Base; path = Base.lproj/LaunchScreen.storyboard; sourceTree = "<group>"; };
		91E0E87A1C81B1FC002DFC8E /* Info.plist */ = {isa = PBXFileReference; lastKnownFileType = text.plist.xml; path = Info.plist; sourceTree = "<group>"; };
		91E0E87F1C81B1FD002DFC8E /* Open BookTests.xctest */ = {isa = PBXFileReference; explicitFileType = wrapper.cfbundle; includeInIndex = 0; path = "Open BookTests.xctest"; sourceTree = BUILT_PRODUCTS_DIR; };
		91E0E8831C81B1FD002DFC8E /* Open_BookTests.swift */ = {isa = PBXFileReference; lastKnownFileType = sourcecode.swift; path = Open_BookTests.swift; sourceTree = "<group>"; };
		91E0E8851C81B1FD002DFC8E /* Info.plist */ = {isa = PBXFileReference; lastKnownFileType = text.plist.xml; path = Info.plist; sourceTree = "<group>"; };
		91E0E88A1C81B1FD002DFC8E /* Open BookUITests.xctest */ = {isa = PBXFileReference; explicitFileType = wrapper.cfbundle; includeInIndex = 0; path = "Open BookUITests.xctest"; sourceTree = BUILT_PRODUCTS_DIR; };
		91E0E88E1C81B1FD002DFC8E /* Open_BookUITests.swift */ = {isa = PBXFileReference; lastKnownFileType = sourcecode.swift; path = Open_BookUITests.swift; sourceTree = "<group>"; };
		91E0E8901C81B1FD002DFC8E /* Info.plist */ = {isa = PBXFileReference; lastKnownFileType = text.plist.xml; path = Info.plist; sourceTree = "<group>"; };
		91E0E89C1C81B221002DFC8E /* Constants.swift */ = {isa = PBXFileReference; fileEncoding = 4; lastKnownFileType = sourcecode.swift; path = Constants.swift; sourceTree = "<group>"; };
/* End PBXFileReference section */

/* Begin PBXFrameworksBuildPhase section */
		91E0E8651C81B1FC002DFC8E /* Frameworks */ = {
			isa = PBXFrameworksBuildPhase;
			buildActionMask = 2147483647;
			files = (
			);
			runOnlyForDeploymentPostprocessing = 0;
		};
		91E0E87C1C81B1FD002DFC8E /* Frameworks */ = {
			isa = PBXFrameworksBuildPhase;
			buildActionMask = 2147483647;
			files = (
			);
			runOnlyForDeploymentPostprocessing = 0;
		};
		91E0E8871C81B1FD002DFC8E /* Frameworks */ = {
			isa = PBXFrameworksBuildPhase;
			buildActionMask = 2147483647;
			files = (
			);
			runOnlyForDeploymentPostprocessing = 0;
		};
/* End PBXFrameworksBuildPhase section */

/* Begin PBXGroup section */
		91E0E85F1C81B1FC002DFC8E = {
			isa = PBXGroup;
			children = (
				91E0E86A1C81B1FC002DFC8E /* Open Book */,
				91E0E8821C81B1FD002DFC8E /* Open BookTests */,
				91E0E88D1C81B1FD002DFC8E /* Open BookUITests */,
				91E0E8691C81B1FC002DFC8E /* Products */,
			);
			sourceTree = "<group>";
		};
		91E0E8691C81B1FC002DFC8E /* Products */ = {
			isa = PBXGroup;
			children = (
				91E0E8681C81B1FC002DFC8E /* Open Book.app */,
				91E0E87F1C81B1FD002DFC8E /* Open BookTests.xctest */,
				91E0E88A1C81B1FD002DFC8E /* Open BookUITests.xctest */,
			);
			name = Products;
			sourceTree = "<group>";
		};
		91E0E86A1C81B1FC002DFC8E /* Open Book */ = {
			isa = PBXGroup;
			children = (
				91E0E86B1C81B1FC002DFC8E /* AppDelegate.swift */,
				91E0E86D1C81B1FC002DFC8E /* ViewController.swift */,
				91E0E86F1C81B1FC002DFC8E /* Main.storyboard */,
				91E0E8751C81B1FC002DFC8E /* Assets.xcassets */,
				91E0E8771C81B1FC002DFC8E /* LaunchScreen.storyboard */,
				91E0E87A1C81B1FC002DFC8E /* Info.plist */,
				91E0E8721C81B1FC002DFC8E /* Open_Book.xcdatamodeld */,
				91E0E89C1C81B221002DFC8E /* Constants.swift */,
			);
			path = "Open Book";
			sourceTree = "<group>";
		};
		91E0E8821C81B1FD002DFC8E /* Open BookTests */ = {
			isa = PBXGroup;
			children = (
				91E0E8831C81B1FD002DFC8E /* Open_BookTests.swift */,
				91E0E8851C81B1FD002DFC8E /* Info.plist */,
			);
			path = "Open BookTests";
			sourceTree = "<group>";
		};
		91E0E88D1C81B1FD002DFC8E /* Open BookUITests */ = {
			isa = PBXGroup;
			children = (
				91E0E88E1C81B1FD002DFC8E /* Open_BookUITests.swift */,
				91E0E8901C81B1FD002DFC8E /* Info.plist */,
			);
			path = "Open BookUITests";
			sourceTree = "<group>";
		};
/* End PBXGroup section */

/* Begin PBXNativeTarget section */
		91E0E8671C81B1FC002DFC8E /* Open Book */ = {
			isa = PBXNativeTarget;
			buildConfigurationList = 91E0E8931C81B1FD002DFC8E /* Build configuration list for PBXNativeTarget "Open Book" */;
			buildPhases = (
				91E0E8641C81B1FC002DFC8E /* Sources */,
				91E0E8651C81B1FC002DFC8E /* Frameworks */,
				91E0E8661C81B1FC002DFC8E /* Resources */,
			);
			buildRules = (
			);
			dependencies = (
			);
			name = "Open Book";
			productName = "Open Book";
			productReference = 91E0E8681C81B1FC002DFC8E /* Open Book.app */;
			productType = "com.apple.product-type.application";
		};
		91E0E87E1C81B1FD002DFC8E /* Open BookTests */ = {
			isa = PBXNativeTarget;
			buildConfigurationList = 91E0E8961C81B1FD002DFC8E /* Build configuration list for PBXNativeTarget "Open BookTests" */;
			buildPhases = (
				91E0E87B1C81B1FD002DFC8E /* Sources */,
				91E0E87C1C81B1FD002DFC8E /* Frameworks */,
				91E0E87D1C81B1FD002DFC8E /* Resources */,
			);
			buildRules = (
			);
			dependencies = (
				91E0E8811C81B1FD002DFC8E /* PBXTargetDependency */,
			);
			name = "Open BookTests";
			productName = "Open BookTests";
			productReference = 91E0E87F1C81B1FD002DFC8E /* Open BookTests.xctest */;
			productType = "com.apple.product-type.bundle.unit-test";
		};
		91E0E8891C81B1FD002DFC8E /* Open BookUITests */ = {
			isa = PBXNativeTarget;
			buildConfigurationList = 91E0E8991C81B1FD002DFC8E /* Build configuration list for PBXNativeTarget "Open BookUITests" */;
			buildPhases = (
				91E0E8861C81B1FD002DFC8E /* Sources */,
				91E0E8871C81B1FD002DFC8E /* Frameworks */,
				91E0E8881C81B1FD002DFC8E /* Resources */,
			);
			buildRules = (
			);
			dependencies = (
				91E0E88C1C81B1FD002DFC8E /* PBXTargetDependency */,
			);
			name = "Open BookUITests";
			productName = "Open BookUITests";
			productReference = 91E0E88A1C81B1FD002DFC8E /* Open BookUITests.xctest */;
			productType = "com.apple.product-type.bundle.ui-testing";
		};
/* End PBXNativeTarget section */

/* Begin PBXProject section */
		91E0E8601C81B1FC002DFC8E /* Project object */ = {
			isa = PBXProject;
			attributes = {
				LastSwiftUpdateCheck = 0720;
				LastUpgradeCheck = 0720;
				ORGANIZATIONNAME = "martin chibwe";
				TargetAttributes = {
					91E0E8671C81B1FC002DFC8E = {
						CreatedOnToolsVersion = 7.2;
					};
					91E0E87E1C81B1FD002DFC8E = {
						CreatedOnToolsVersion = 7.2;
						TestTargetID = 91E0E8671C81B1FC002DFC8E;
					};
					91E0E8891C81B1FD002DFC8E = {
						CreatedOnToolsVersion = 7.2;
						TestTargetID = 91E0E8671C81B1FC002DFC8E;
					};
				};
			};
			buildConfigurationList = 91E0E8631C81B1FC002DFC8E /* Build configuration list for PBXProject "Open Book" */;
			compatibilityVersion = "Xcode 3.2";
			developmentRegion = English;
			hasScannedForEncodings = 0;
			knownRegions = (
				en,
				Base,
			);
			mainGroup = 91E0E85F1C81B1FC002DFC8E;
			productRefGroup = 91E0E8691C81B1FC002DFC8E /* Products */;
			projectDirPath = "";
			projectRoot = "";
			targets = (
				91E0E8671C81B1FC002DFC8E /* Open Book */,
				91E0E87E1C81B1FD002DFC8E /* Open BookTests */,
				91E0E8891C81B1FD002DFC8E /* Open BookUITests */,
			);
		};
/* End PBXProject section */

/* Begin PBXResourcesBuildPhase section */
		91E0E8661C81B1FC002DFC8E /* Resources */ = {
			isa = PBXResourcesBuildPhase;
			buildActionMask = 2147483647;
			files = (
				91E0E8791C81B1FC002DFC8E /* LaunchScreen.storyboard in Resources */,
				91E0E8761C81B1FC002DFC8E /* Assets.xcassets in Resources */,
				91E0E8711C81B1FC002DFC8E /* Main.storyboard in Resources */,
			);
			runOnlyForDeploymentPostprocessing = 0;
		};
		91E0E87D1C81B1FD002DFC8E /* Resources */ = {
			isa = PBXResourcesBuildPhase;
			buildActionMask = 2147483647;
			files = (
			);
			runOnlyForDeploymentPostprocessing = 0;
		};
		91E0E8881C81B1FD002DFC8E /* Resources */ = {
			isa = PBXResourcesBuildPhase;
			buildActionMask = 2147483647;
			files = (
			);
			runOnlyForDeploymentPostprocessing = 0;
		};
/* End PBXResourcesBuildPhase section */

/* Begin PBXSourcesBuildPhase section */
		91E0E8641C81B1FC002DFC8E /* Sources */ = {
			isa = PBXSourcesBuildPhase;
			buildActionMask = 2147483647;
			files = (
				91E0E8741C81B1FC002DFC8E /* Open_Book.xcdatamodeld in Sources */,
				91E0E86E1C81B1FC002DFC8E /* ViewController.swift in Sources */,
				91E0E86C1C81B1FC002DFC8E /* AppDelegate.swift in Sources */,
				91E0E89D1C81B221002DFC8E /* Constants.swift in Sources */,
			);
			runOnlyForDeploymentPostprocessing = 0;
		};
		91E0E87B1C81B1FD002DFC8E /* Sources */ = {
			isa = PBXSourcesBuildPhase;
			buildActionMask = 2147483647;
			files = (
				91E0E8841C81B1FD002DFC8E /* Open_BookTests.swift in Sources */,
			);
			runOnlyForDeploymentPostprocessing = 0;
		};
		91E0E8861C81B1FD002DFC8E /* Sources */ = {
			isa = PBXSourcesBuildPhase;
			buildActionMask = 2147483647;
			files = (
				91E0E88F1C81B1FD002DFC8E /* Open_BookUITests.swift in Sources */,
			);
			runOnlyForDeploymentPostprocessing = 0;
		};
/* End PBXSourcesBuildPhase section */

/* Begin PBXTargetDependency section */
		91E0E8811C81B1FD002DFC8E /* PBXTargetDependency */ = {
			isa = PBXTargetDependency;
			target = 91E0E8671C81B1FC002DFC8E /* Open Book */;
			targetProxy = 91E0E8801C81B1FD002DFC8E /* PBXContainerItemProxy */;
		};
		91E0E88C1C81B1FD002DFC8E /* PBXTargetDependency */ = {
			isa = PBXTargetDependency;
			target = 91E0E8671C81B1FC002DFC8E /* Open Book */;
			targetProxy = 91E0E88B1C81B1FD002DFC8E /* PBXContainerItemProxy */;
		};
/* End PBXTargetDependency section */

/* Begin PBXVariantGroup section */
		91E0E86F1C81B1FC002DFC8E /* Main.storyboard */ = {
			isa = PBXVariantGroup;
			children = (
				91E0E8701C81B1FC002DFC8E /* Base */,
			);
			name = Main.storyboard;
			sourceTree = "<group>";
		};
		91E0E8771C81B1FC002DFC8E /* LaunchScreen.storyboard */ = {
			isa = PBXVariantGroup;
			children = (
				91E0E8781C81B1FC002DFC8E /* Base */,
			);
			name = LaunchScreen.storyboard;
			sourceTree = "<group>";
		};
/* End PBXVariantGroup section */

/* Begin XCBuildConfiguration section */
		91E0E8911C81B1FD002DFC8E /* Debug */ = {
			isa = XCBuildConfiguration;
			buildSettings = {
				ALWAYS_SEARCH_USER_PATHS = NO;
				CLANG_CXX_LANGUAGE_STANDARD = "gnu++0x";
				CLANG_CXX_LIBRARY = "libc++";
				CLANG_ENABLE_MODULES = YES;
				CLANG_ENABLE_OBJC_ARC = YES;
				CLANG_WARN_BOOL_CONVERSION = YES;
				CLANG_WARN_CONSTANT_CONVERSION = YES;
				CLANG_WARN_DIRECT_OBJC_ISA_USAGE = YES_ERROR;
				CLANG_WARN_EMPTY_BODY = YES;
				CLANG_WARN_ENUM_CONVERSION = YES;
				CLANG_WARN_INT_CONVERSION = YES;
				CLANG_WARN_OBJC_ROOT_CLASS = YES_ERROR;
				CLANG_WARN_UNREACHABLE_CODE = YES;
				CLANG_WARN__DUPLICATE_METHOD_MATCH = YES;
				"CODE_SIGN_IDENTITY[sdk=iphoneos*]" = "iPhone Developer";
				COPY_PHASE_STRIP = NO;
				DEBUG_INFORMATION_FORMAT = dwarf;
				ENABLE_STRICT_OBJC_MSGSEND = YES;
				ENABLE_TESTABILITY = YES;
				GCC_C_LANGUAGE_STANDARD = gnu99;
				GCC_DYNAMIC_NO_PIC = NO;
				GCC_NO_COMMON_BLOCKS = YES;
				GCC_OPTIMIZATION_LEVEL = 0;
				GCC_PREPROCESSOR_DEFINITIONS = (
					"DEBUG=1",
					"$(inherited)",
				);
				GCC_WARN_64_TO_32_BIT_CONVERSION = YES;
				GCC_WARN_ABOUT_RETURN_TYPE = YES_ERROR;
				GCC_WARN_UNDECLARED_SELECTOR = YES;
				GCC_WARN_UNINITIALIZED_AUTOS = YES_AGGRESSIVE;
				GCC_WARN_UNUSED_FUNCTION = YES;
				GCC_WARN_UNUSED_VARIABLE = YES;
				IPHONEOS_DEPLOYMENT_TARGET = 9.2;
				MTL_ENABLE_DEBUG_INFO = YES;
				ONLY_ACTIVE_ARCH = YES;
				SDKROOT = iphoneos;
				SWIFT_OPTIMIZATION_LEVEL = "-Onone";
				TARGETED_DEVICE_FAMILY = "1,2";
			};
			name = Debug;
		};
		91E0E8921C81B1FD002DFC8E /* Release */ = {
			isa = XCBuildConfiguration;
			buildSettings = {
				ALWAYS_SEARCH_USER_PATHS = NO;
				CLANG_CXX_LANGUAGE_STANDARD = "gnu++0x";
				CLANG_CXX_LIBRARY = "libc++";
				CLANG_ENABLE_MODULES = YES;
				CLANG_ENABLE_OBJC_ARC = YES;
				CLANG_WARN_BOOL_CONVERSION = YES;
				CLANG_WARN_CONSTANT_CONVERSION = YES;
				CLANG_WARN_DIRECT_OBJC_ISA_USAGE = YES_ERROR;
				CLANG_WARN_EMPTY_BODY = YES;
				CLANG_WARN_ENUM_CONVERSION = YES;
				CLANG_WARN_INT_CONVERSION = YES;
				CLANG_WARN_OBJC_ROOT_CLASS = YES_ERROR;
				CLANG_WARN_UNREACHABLE_CODE = YES;
				CLANG_WARN__DUPLICATE_METHOD_MATCH = YES;
				"CODE_SIGN_IDENTITY[sdk=iphoneos*]" = "iPhone Developer";
				COPY_PHASE_STRIP = NO;
				DEBUG_INFORMATION_FORMAT = "dwarf-with-dsym";
				ENABLE_NS_ASSERTIONS = NO;
				ENABLE_STRICT_OBJC_MSGSEND = YES;
				GCC_C_LANGUAGE_STANDARD = gnu99;
				GCC_NO_COMMON_BLOCKS = YES;
				GCC_WARN_64_TO_32_BIT_CONVERSION = YES;
				GCC_WARN_ABOUT_RETURN_TYPE = YES_ERROR;
				GCC_WARN_UNDECLARED_SELECTOR = YES;
				GCC_WARN_UNINITIALIZED_AUTOS = YES_AGGRESSIVE;
				GCC_WARN_UNUSED_FUNCTION = YES;
				GCC_WARN_UNUSED_VARIABLE = YES;
				IPHONEOS_DEPLOYMENT_TARGET = 9.2;
				MTL_ENABLE_DEBUG_INFO = NO;
				SDKROOT = iphoneos;
				TARGETED_DEVICE_FAMILY = "1,2";
				VALIDATE_PRODUCT = YES;
			};
			name = Release;
		};
		91E0E8941C81B1FD002DFC8E /* Debug */ = {
			isa = XCBuildConfiguration;
			buildSettings = {
				ASSETCATALOG_COMPILER_APPICON_NAME = AppIcon;
				INFOPLIST_FILE = "Open Book/Info.plist";
				LD_RUNPATH_SEARCH_PATHS = "$(inherited) @executable_path/Frameworks";
				PRODUCT_BUNDLE_IDENTIFIER = "martinchibwe.Open-Book";
				PRODUCT_NAME = "$(TARGET_NAME)";
			};
			name = Debug;
		};
		91E0E8951C81B1FD002DFC8E /* Release */ = {
			isa = XCBuildConfiguration;
			buildSettings = {
				ASSETCATALOG_COMPILER_APPICON_NAME = AppIcon;
				INFOPLIST_FILE = "Open Book/Info.plist";
				LD_RUNPATH_SEARCH_PATHS = "$(inherited) @executable_path/Frameworks";
				PRODUCT_BUNDLE_IDENTIFIER = "martinchibwe.Open-Book";
				PRODUCT_NAME = "$(TARGET_NAME)";
			};
			name = Release;
		};
		91E0E8971C81B1FD002DFC8E /* Debug */ = {
			isa = XCBuildConfiguration;
			buildSettings = {
				BUNDLE_LOADER = "$(TEST_HOST)";
				INFOPLIST_FILE = "Open BookTests/Info.plist";
				LD_RUNPATH_SEARCH_PATHS = "$(inherited) @executable_path/Frameworks @loader_path/Frameworks";
				PRODUCT_BUNDLE_IDENTIFIER = "martinchibwe.Open-BookTests";
				PRODUCT_NAME = "$(TARGET_NAME)";
				TEST_HOST = "$(BUILT_PRODUCTS_DIR)/Open Book.app/Open Book";
			};
			name = Debug;
		};
		91E0E8981C81B1FD002DFC8E /* Release */ = {
			isa = XCBuildConfiguration;
			buildSettings = {
				BUNDLE_LOADER = "$(TEST_HOST)";
				INFOPLIST_FILE = "Open BookTests/Info.plist";
				LD_RUNPATH_SEARCH_PATHS = "$(inherited) @executable_path/Frameworks @loader_path/Frameworks";
				PRODUCT_BUNDLE_IDENTIFIER = "martinchibwe.Open-BookTests";
				PRODUCT_NAME = "$(TARGET_NAME)";
				TEST_HOST = "$(BUILT_PRODUCTS_DIR)/Open Book.app/Open Book";
			};
			name = Release;
		};
		91E0E89A1C81B1FD002DFC8E /* Debug */ = {
			isa = XCBuildConfiguration;
			buildSettings = {
				INFOPLIST_FILE = "Open BookUITests/Info.plist";
				LD_RUNPATH_SEARCH_PATHS = "$(inherited) @executable_path/Frameworks @loader_path/Frameworks";
				PRODUCT_BUNDLE_IDENTIFIER = "martinchibwe.Open-BookUITests";
				PRODUCT_NAME = "$(TARGET_NAME)";
				TEST_TARGET_NAME = "Open Book";
				USES_XCTRUNNER = YES;
			};
			name = Debug;
		};
		91E0E89B1C81B1FD002DFC8E /* Release */ = {
			isa = XCBuildConfiguration;
			buildSettings = {
				INFOPLIST_FILE = "Open BookUITests/Info.plist";
				LD_RUNPATH_SEARCH_PATHS = "$(inherited) @executable_path/Frameworks @loader_path/Frameworks";
				PRODUCT_BUNDLE_IDENTIFIER = "martinchibwe.Open-BookUITests";
				PRODUCT_NAME = "$(TARGET_NAME)";
				TEST_TARGET_NAME = "Open Book";
				USES_XCTRUNNER = YES;
			};
			name = Release;
		};
/* End XCBuildConfiguration section */

/* Begin XCConfigurationList section */
		91E0E8631C81B1FC002DFC8E /* Build configuration list for PBXProject "Open Book" */ = {
			isa = XCConfigurationList;
			buildConfigurations = (
				91E0E8911C81B1FD002DFC8E /* Debug */,
				91E0E8921C81B1FD002DFC8E /* Release */,
			);
			defaultConfigurationIsVisible = 0;
			defaultConfigurationName = Release;
		};
		91E0E8931C81B1FD002DFC8E /* Build configuration list for PBXNativeTarget "Open Book" */ = {
			isa = XCConfigurationList;
			buildConfigurations = (
				91E0E8941C81B1FD002DFC8E /* Debug */,
				91E0E8951C81B1FD002DFC8E /* Release */,
			);
			defaultConfigurationIsVisible = 0;
		};
		91E0E8961C81B1FD002DFC8E /* Build configuration list for PBXNativeTarget "Open BookTests" */ = {
			isa = XCConfigurationList;
			buildConfigurations = (
				91E0E8971C81B1FD002DFC8E /* Debug */,
				91E0E8981C81B1FD002DFC8E /* Release */,
			);
			defaultConfigurationIsVisible = 0;
		};
		91E0E8991C81B1FD002DFC8E /* Build configuration list for PBXNativeTarget "Open BookUITests" */ = {
			isa = XCConfigurationList;
			buildConfigurations = (
				91E0E89A1C81B1FD002DFC8E /* Debug */,
				91E0E89B1C81B1FD002DFC8E /* Release */,
			);
			defaultConfigurationIsVisible = 0;
		};
/* End XCConfigurationList section */

/* Begin XCVersionGroup section */
		91E0E8721C81B1FC002DFC8E /* Open_Book.xcdatamodeld */ = {
			isa = XCVersionGroup;
			children = (
				91E0E8731C81B1FC002DFC8E /* Open_Book.xcdatamodel */,
			);
			currentVersion = 91E0E8731C81B1FC002DFC8E /* Open_Book.xcdatamodel */;
			path = Open_Book.xcdatamodeld;
			sourceTree = "<group>";
			versionGroupType = wrapper.xcdatamodel;
		};
/* End XCVersionGroup section */
	};
	rootObject = 91E0E8601C81B1FC002DFC8E /* Project object */;
}
