// !$*UTF8*$!
{
	archiveVersion = 1;
	classes = {
	};
	objectVersion = 46;
	objects = {

/* Begin PBXBuildFile section */
		7947ED35009AE75BB248DE6F /* Pods.framework in Frameworks */ = {isa = PBXBuildFile; fileRef = 79927AFCB5AD7F6EEBD1C2DF /* Pods.framework */; };
		915FAFE01CBCDAAB0035AC53 /* AppDelegate.swift in Sources */ = {isa = PBXBuildFile; fileRef = 915FAFDF1CBCDAAB0035AC53 /* AppDelegate.swift */; };
		915FAFE21CBCDAAB0035AC53 /* ViewController.swift in Sources */ = {isa = PBXBuildFile; fileRef = 915FAFE11CBCDAAB0035AC53 /* ViewController.swift */; };
		915FAFE51CBCDAAB0035AC53 /* Main.storyboard in Resources */ = {isa = PBXBuildFile; fileRef = 915FAFE31CBCDAAB0035AC53 /* Main.storyboard */; };
		915FAFE81CBCDAAB0035AC53 /* Open_Book.xcdatamodeld in Sources */ = {isa = PBXBuildFile; fileRef = 915FAFE61CBCDAAB0035AC53 /* Open_Book.xcdatamodeld */; };
		915FAFEA1CBCDAAB0035AC53 /* Assets.xcassets in Resources */ = {isa = PBXBuildFile; fileRef = 915FAFE91CBCDAAB0035AC53 /* Assets.xcassets */; };
		915FAFED1CBCDAAB0035AC53 /* LaunchScreen.storyboard in Resources */ = {isa = PBXBuildFile; fileRef = 915FAFEB1CBCDAAB0035AC53 /* LaunchScreen.storyboard */; };
		915FAFF81CBCDAAC0035AC53 /* Open_BookTests.swift in Sources */ = {isa = PBXBuildFile; fileRef = 915FAFF71CBCDAAC0035AC53 /* Open_BookTests.swift */; };
		915FB0031CBCDAAC0035AC53 /* Open_BookUITests.swift in Sources */ = {isa = PBXBuildFile; fileRef = 915FB0021CBCDAAC0035AC53 /* Open_BookUITests.swift */; };
		915FB0151CBCE74C0035AC53 /* OpenLibaryStore.swift in Sources */ = {isa = PBXBuildFile; fileRef = 915FB0141CBCE74B0035AC53 /* OpenLibaryStore.swift */; };
		915FB0191CBCE8C40035AC53 /* CategoryCell.swift in Sources */ = {isa = PBXBuildFile; fileRef = 915FB0181CBCE8C40035AC53 /* CategoryCell.swift */; };
/* End PBXBuildFile section */

/* Begin PBXContainerItemProxy section */
		915FAFF41CBCDAAC0035AC53 /* PBXContainerItemProxy */ = {
			isa = PBXContainerItemProxy;
			containerPortal = 915FAFD41CBCDAAA0035AC53 /* Project object */;
			proxyType = 1;
			remoteGlobalIDString = 915FAFDB1CBCDAAB0035AC53;
			remoteInfo = "Open Book";
		};
		915FAFFF1CBCDAAC0035AC53 /* PBXContainerItemProxy */ = {
			isa = PBXContainerItemProxy;
			containerPortal = 915FAFD41CBCDAAA0035AC53 /* Project object */;
			proxyType = 1;
			remoteGlobalIDString = 915FAFDB1CBCDAAB0035AC53;
			remoteInfo = "Open Book";
		};
/* End PBXContainerItemProxy section */

/* Begin PBXFileReference section */
		15815108F69197443F045E40 /* Pods.debug.xcconfig */ = {isa = PBXFileReference; includeInIndex = 1; lastKnownFileType = text.xcconfig; name = Pods.debug.xcconfig; path = "Pods/Target Support Files/Pods/Pods.debug.xcconfig"; sourceTree = "<group>"; };
		1EC8A974B52EFC007CD98271 /* Pods.release.xcconfig */ = {isa = PBXFileReference; includeInIndex = 1; lastKnownFileType = text.xcconfig; name = Pods.release.xcconfig; path = "Pods/Target Support Files/Pods/Pods.release.xcconfig"; sourceTree = "<group>"; };
		79927AFCB5AD7F6EEBD1C2DF /* Pods.framework */ = {isa = PBXFileReference; explicitFileType = wrapper.framework; includeInIndex = 0; path = Pods.framework; sourceTree = BUILT_PRODUCTS_DIR; };
		915FAFDC1CBCDAAB0035AC53 /* Open Book.app */ = {isa = PBXFileReference; explicitFileType = wrapper.application; includeInIndex = 0; path = "Open Book.app"; sourceTree = BUILT_PRODUCTS_DIR; };
		915FAFDF1CBCDAAB0035AC53 /* AppDelegate.swift */ = {isa = PBXFileReference; lastKnownFileType = sourcecode.swift; path = AppDelegate.swift; sourceTree = "<group>"; };
		915FAFE11CBCDAAB0035AC53 /* ViewController.swift */ = {isa = PBXFileReference; lastKnownFileType = sourcecode.swift; path = ViewController.swift; sourceTree = "<group>"; };
		915FAFE41CBCDAAB0035AC53 /* Base */ = {isa = PBXFileReference; lastKnownFileType = file.storyboard; name = Base; path = Base.lproj/Main.storyboard; sourceTree = "<group>"; };
		915FAFE71CBCDAAB0035AC53 /* Open_Book.xcdatamodel */ = {isa = PBXFileReference; lastKnownFileType = wrapper.xcdatamodel; path = Open_Book.xcdatamodel; sourceTree = "<group>"; };
		915FAFE91CBCDAAB0035AC53 /* Assets.xcassets */ = {isa = PBXFileReference; lastKnownFileType = folder.assetcatalog; path = Assets.xcassets; sourceTree = "<group>"; };
		915FAFEC1CBCDAAB0035AC53 /* Base */ = {isa = PBXFileReference; lastKnownFileType = file.storyboard; name = Base; path = Base.lproj/LaunchScreen.storyboard; sourceTree = "<group>"; };
		915FAFEE1CBCDAAB0035AC53 /* Info.plist */ = {isa = PBXFileReference; lastKnownFileType = text.plist.xml; path = Info.plist; sourceTree = "<group>"; };
		915FAFF31CBCDAAC0035AC53 /* Open BookTests.xctest */ = {isa = PBXFileReference; explicitFileType = wrapper.cfbundle; includeInIndex = 0; path = "Open BookTests.xctest"; sourceTree = BUILT_PRODUCTS_DIR; };
		915FAFF71CBCDAAC0035AC53 /* Open_BookTests.swift */ = {isa = PBXFileReference; lastKnownFileType = sourcecode.swift; path = Open_BookTests.swift; sourceTree = "<group>"; };
		915FAFF91CBCDAAC0035AC53 /* Info.plist */ = {isa = PBXFileReference; lastKnownFileType = text.plist.xml; path = Info.plist; sourceTree = "<group>"; };
		915FAFFE1CBCDAAC0035AC53 /* Open BookUITests.xctest */ = {isa = PBXFileReference; explicitFileType = wrapper.cfbundle; includeInIndex = 0; path = "Open BookUITests.xctest"; sourceTree = BUILT_PRODUCTS_DIR; };
		915FB0021CBCDAAC0035AC53 /* Open_BookUITests.swift */ = {isa = PBXFileReference; lastKnownFileType = sourcecode.swift; path = Open_BookUITests.swift; sourceTree = "<group>"; };
		915FB0041CBCDAAC0035AC53 /* Info.plist */ = {isa = PBXFileReference; lastKnownFileType = text.plist.xml; path = Info.plist; sourceTree = "<group>"; };
		915FB0141CBCE74B0035AC53 /* OpenLibaryStore.swift */ = {isa = PBXFileReference; fileEncoding = 4; lastKnownFileType = sourcecode.swift; path = OpenLibaryStore.swift; sourceTree = "<group>"; };
		915FB0181CBCE8C40035AC53 /* CategoryCell.swift */ = {isa = PBXFileReference; fileEncoding = 4; lastKnownFileType = sourcecode.swift; path = CategoryCell.swift; sourceTree = "<group>"; };
/* End PBXFileReference section */

/* Begin PBXFrameworksBuildPhase section */
		915FAFD91CBCDAAB0035AC53 /* Frameworks */ = {
			isa = PBXFrameworksBuildPhase;
			buildActionMask = 2147483647;
			files = (
				7947ED35009AE75BB248DE6F /* Pods.framework in Frameworks */,
			);
			runOnlyForDeploymentPostprocessing = 0;
		};
		915FAFF01CBCDAAC0035AC53 /* Frameworks */ = {
			isa = PBXFrameworksBuildPhase;
			buildActionMask = 2147483647;
			files = (
			);
			runOnlyForDeploymentPostprocessing = 0;
		};
		915FAFFB1CBCDAAC0035AC53 /* Frameworks */ = {
			isa = PBXFrameworksBuildPhase;
			buildActionMask = 2147483647;
			files = (
			);
			runOnlyForDeploymentPostprocessing = 0;
		};
/* End PBXFrameworksBuildPhase section */

/* Begin PBXGroup section */
		211CEBBB9D7AB3A08A62EBA8 /* Pods */ = {
			isa = PBXGroup;
			children = (
				15815108F69197443F045E40 /* Pods.debug.xcconfig */,
				1EC8A974B52EFC007CD98271 /* Pods.release.xcconfig */,
			);
			name = Pods;
			sourceTree = "<group>";
		};
		915FAFD31CBCDAAA0035AC53 = {
			isa = PBXGroup;
			children = (
				915FAFDE1CBCDAAB0035AC53 /* Open Book */,
				915FAFF61CBCDAAC0035AC53 /* Open BookTests */,
				915FB0011CBCDAAC0035AC53 /* Open BookUITests */,
				915FAFDD1CBCDAAB0035AC53 /* Products */,
				211CEBBB9D7AB3A08A62EBA8 /* Pods */,
				C11667C977E752091262E51B /* Frameworks */,
			);
			sourceTree = "<group>";
		};
		915FAFDD1CBCDAAB0035AC53 /* Products */ = {
			isa = PBXGroup;
			children = (
				915FAFDC1CBCDAAB0035AC53 /* Open Book.app */,
				915FAFF31CBCDAAC0035AC53 /* Open BookTests.xctest */,
				915FAFFE1CBCDAAC0035AC53 /* Open BookUITests.xctest */,
			);
			name = Products;
			sourceTree = "<group>";
		};
		915FAFDE1CBCDAAB0035AC53 /* Open Book */ = {
			isa = PBXGroup;
			children = (
				915FAFDF1CBCDAAB0035AC53 /* AppDelegate.swift */,
				915FAFE11CBCDAAB0035AC53 /* ViewController.swift */,
				915FAFE31CBCDAAB0035AC53 /* Main.storyboard */,
				915FAFE91CBCDAAB0035AC53 /* Assets.xcassets */,
				915FAFEB1CBCDAAB0035AC53 /* LaunchScreen.storyboard */,
				915FAFEE1CBCDAAB0035AC53 /* Info.plist */,
				915FAFE61CBCDAAB0035AC53 /* Open_Book.xcdatamodeld */,
				915FB0141CBCE74B0035AC53 /* OpenLibaryStore.swift */,
				915FB0181CBCE8C40035AC53 /* CategoryCell.swift */,
			);
			path = "Open Book";
			sourceTree = "<group>";
		};
		915FAFF61CBCDAAC0035AC53 /* Open BookTests */ = {
			isa = PBXGroup;
			children = (
				915FAFF71CBCDAAC0035AC53 /* Open_BookTests.swift */,
				915FAFF91CBCDAAC0035AC53 /* Info.plist */,
			);
			path = "Open BookTests";
			sourceTree = "<group>";
		};
		915FB0011CBCDAAC0035AC53 /* Open BookUITests */ = {
			isa = PBXGroup;
			children = (
				915FB0021CBCDAAC0035AC53 /* Open_BookUITests.swift */,
				915FB0041CBCDAAC0035AC53 /* Info.plist */,
			);
			path = "Open BookUITests";
			sourceTree = "<group>";
		};
		C11667C977E752091262E51B /* Frameworks */ = {
			isa = PBXGroup;
			children = (
				79927AFCB5AD7F6EEBD1C2DF /* Pods.framework */,
			);
			name = Frameworks;
			sourceTree = "<group>";
		};
/* End PBXGroup section */

/* Begin PBXNativeTarget section */
		915FAFDB1CBCDAAB0035AC53 /* Open Book */ = {
			isa = PBXNativeTarget;
			buildConfigurationList = 915FB0071CBCDAAC0035AC53 /* Build configuration list for PBXNativeTarget "Open Book" */;
			buildPhases = (
				C460419BEC2F6CE9791FF2AB /* Check Pods Manifest.lock */,
				915FAFD81CBCDAAB0035AC53 /* Sources */,
				915FAFD91CBCDAAB0035AC53 /* Frameworks */,
				915FAFDA1CBCDAAB0035AC53 /* Resources */,
				6B3E37F23251CCE3222EA028 /* Embed Pods Frameworks */,
				F0772618EC03B13992B08231 /* Copy Pods Resources */,
			);
			buildRules = (
			);
			dependencies = (
			);
			name = "Open Book";
			productName = "Open Book";
			productReference = 915FAFDC1CBCDAAB0035AC53 /* Open Book.app */;
			productType = "com.apple.product-type.application";
		};
		915FAFF21CBCDAAC0035AC53 /* Open BookTests */ = {
			isa = PBXNativeTarget;
			buildConfigurationList = 915FB00A1CBCDAAC0035AC53 /* Build configuration list for PBXNativeTarget "Open BookTests" */;
			buildPhases = (
				915FAFEF1CBCDAAC0035AC53 /* Sources */,
				915FAFF01CBCDAAC0035AC53 /* Frameworks */,
				915FAFF11CBCDAAC0035AC53 /* Resources */,
			);
			buildRules = (
			);
			dependencies = (
				915FAFF51CBCDAAC0035AC53 /* PBXTargetDependency */,
			);
			name = "Open BookTests";
			productName = "Open BookTests";
			productReference = 915FAFF31CBCDAAC0035AC53 /* Open BookTests.xctest */;
			productType = "com.apple.product-type.bundle.unit-test";
		};
		915FAFFD1CBCDAAC0035AC53 /* Open BookUITests */ = {
			isa = PBXNativeTarget;
			buildConfigurationList = 915FB00D1CBCDAAC0035AC53 /* Build configuration list for PBXNativeTarget "Open BookUITests" */;
			buildPhases = (
				915FAFFA1CBCDAAC0035AC53 /* Sources */,
				915FAFFB1CBCDAAC0035AC53 /* Frameworks */,
				915FAFFC1CBCDAAC0035AC53 /* Resources */,
			);
			buildRules = (
			);
			dependencies = (
				915FB0001CBCDAAC0035AC53 /* PBXTargetDependency */,
			);
			name = "Open BookUITests";
			productName = "Open BookUITests";
			productReference = 915FAFFE1CBCDAAC0035AC53 /* Open BookUITests.xctest */;
			productType = "com.apple.product-type.bundle.ui-testing";
		};
/* End PBXNativeTarget section */

/* Begin PBXProject section */
		915FAFD41CBCDAAA0035AC53 /* Project object */ = {
			isa = PBXProject;
			attributes = {
				LastSwiftUpdateCheck = 0730;
				LastUpgradeCheck = 0730;
				ORGANIZATIONNAME = "martin chibwe";
				TargetAttributes = {
					915FAFDB1CBCDAAB0035AC53 = {
						CreatedOnToolsVersion = 7.3;
					};
					915FAFF21CBCDAAC0035AC53 = {
						CreatedOnToolsVersion = 7.3;
						TestTargetID = 915FAFDB1CBCDAAB0035AC53;
					};
					915FAFFD1CBCDAAC0035AC53 = {
						CreatedOnToolsVersion = 7.3;
						TestTargetID = 915FAFDB1CBCDAAB0035AC53;
					};
				};
			};
			buildConfigurationList = 915FAFD71CBCDAAB0035AC53 /* Build configuration list for PBXProject "Open Book" */;
			compatibilityVersion = "Xcode 3.2";
			developmentRegion = English;
			hasScannedForEncodings = 0;
			knownRegions = (
				en,
				Base,
			);
			mainGroup = 915FAFD31CBCDAAA0035AC53;
			productRefGroup = 915FAFDD1CBCDAAB0035AC53 /* Products */;
			projectDirPath = "";
			projectRoot = "";
			targets = (
				915FAFDB1CBCDAAB0035AC53 /* Open Book */,
				915FAFF21CBCDAAC0035AC53 /* Open BookTests */,
				915FAFFD1CBCDAAC0035AC53 /* Open BookUITests */,
			);
		};
/* End PBXProject section */

/* Begin PBXResourcesBuildPhase section */
		915FAFDA1CBCDAAB0035AC53 /* Resources */ = {
			isa = PBXResourcesBuildPhase;
			buildActionMask = 2147483647;
			files = (
				915FAFED1CBCDAAB0035AC53 /* LaunchScreen.storyboard in Resources */,
				915FAFEA1CBCDAAB0035AC53 /* Assets.xcassets in Resources */,
				915FAFE51CBCDAAB0035AC53 /* Main.storyboard in Resources */,
			);
			runOnlyForDeploymentPostprocessing = 0;
		};
		915FAFF11CBCDAAC0035AC53 /* Resources */ = {
			isa = PBXResourcesBuildPhase;
			buildActionMask = 2147483647;
			files = (
			);
			runOnlyForDeploymentPostprocessing = 0;
		};
		915FAFFC1CBCDAAC0035AC53 /* Resources */ = {
			isa = PBXResourcesBuildPhase;
			buildActionMask = 2147483647;
			files = (
			);
			runOnlyForDeploymentPostprocessing = 0;
		};
/* End PBXResourcesBuildPhase section */

/* Begin PBXShellScriptBuildPhase section */
		6B3E37F23251CCE3222EA028 /* Embed Pods Frameworks */ = {
			isa = PBXShellScriptBuildPhase;
			buildActionMask = 2147483647;
			files = (
			);
			inputPaths = (
			);
			name = "Embed Pods Frameworks";
			outputPaths = (
			);
			runOnlyForDeploymentPostprocessing = 0;
			shellPath = /bin/sh;
			shellScript = "\"${SRCROOT}/Pods/Target Support Files/Pods/Pods-frameworks.sh\"\n";
			showEnvVarsInLog = 0;
		};
		C460419BEC2F6CE9791FF2AB /* Check Pods Manifest.lock */ = {
			isa = PBXShellScriptBuildPhase;
			buildActionMask = 2147483647;
			files = (
			);
			inputPaths = (
			);
			name = "Check Pods Manifest.lock";
			outputPaths = (
			);
			runOnlyForDeploymentPostprocessing = 0;
			shellPath = /bin/sh;
			shellScript = "diff \"${PODS_ROOT}/../Podfile.lock\" \"${PODS_ROOT}/Manifest.lock\" > /dev/null\nif [[ $? != 0 ]] ; then\n    cat << EOM\nerror: The sandbox is not in sync with the Podfile.lock. Run 'pod install' or update your CocoaPods installation.\nEOM\n    exit 1\nfi\n";
			showEnvVarsInLog = 0;
		};
		F0772618EC03B13992B08231 /* Copy Pods Resources */ = {
			isa = PBXShellScriptBuildPhase;
			buildActionMask = 2147483647;
			files = (
			);
			inputPaths = (
			);
			name = "Copy Pods Resources";
			outputPaths = (
			);
			runOnlyForDeploymentPostprocessing = 0;
			shellPath = /bin/sh;
			shellScript = "\"${SRCROOT}/Pods/Target Support Files/Pods/Pods-resources.sh\"\n";
			showEnvVarsInLog = 0;
		};
/* End PBXShellScriptBuildPhase section */

/* Begin PBXSourcesBuildPhase section */
		915FAFD81CBCDAAB0035AC53 /* Sources */ = {
			isa = PBXSourcesBuildPhase;
			buildActionMask = 2147483647;
			files = (
				915FAFE81CBCDAAB0035AC53 /* Open_Book.xcdatamodeld in Sources */,
				915FAFE21CBCDAAB0035AC53 /* ViewController.swift in Sources */,
				915FB0151CBCE74C0035AC53 /* OpenLibaryStore.swift in Sources */,
				915FAFE01CBCDAAB0035AC53 /* AppDelegate.swift in Sources */,
				915FB0191CBCE8C40035AC53 /* CategoryCell.swift in Sources */,
			);
			runOnlyForDeploymentPostprocessing = 0;
		};
		915FAFEF1CBCDAAC0035AC53 /* Sources */ = {
			isa = PBXSourcesBuildPhase;
			buildActionMask = 2147483647;
			files = (
				915FAFF81CBCDAAC0035AC53 /* Open_BookTests.swift in Sources */,
			);
			runOnlyForDeploymentPostprocessing = 0;
		};
		915FAFFA1CBCDAAC0035AC53 /* Sources */ = {
			isa = PBXSourcesBuildPhase;
			buildActionMask = 2147483647;
			files = (
				915FB0031CBCDAAC0035AC53 /* Open_BookUITests.swift in Sources */,
			);
			runOnlyForDeploymentPostprocessing = 0;
		};
/* End PBXSourcesBuildPhase section */

/* Begin PBXTargetDependency section */
		915FAFF51CBCDAAC0035AC53 /* PBXTargetDependency */ = {
			isa = PBXTargetDependency;
			target = 915FAFDB1CBCDAAB0035AC53 /* Open Book */;
			targetProxy = 915FAFF41CBCDAAC0035AC53 /* PBXContainerItemProxy */;
		};
		915FB0001CBCDAAC0035AC53 /* PBXTargetDependency */ = {
			isa = PBXTargetDependency;
			target = 915FAFDB1CBCDAAB0035AC53 /* Open Book */;
			targetProxy = 915FAFFF1CBCDAAC0035AC53 /* PBXContainerItemProxy */;
		};
/* End PBXTargetDependency section */

/* Begin PBXVariantGroup section */
		915FAFE31CBCDAAB0035AC53 /* Main.storyboard */ = {
			isa = PBXVariantGroup;
			children = (
				915FAFE41CBCDAAB0035AC53 /* Base */,
			);
			name = Main.storyboard;
			sourceTree = "<group>";
		};
		915FAFEB1CBCDAAB0035AC53 /* LaunchScreen.storyboard */ = {
			isa = PBXVariantGroup;
			children = (
				915FAFEC1CBCDAAB0035AC53 /* Base */,
			);
			name = LaunchScreen.storyboard;
			sourceTree = "<group>";
		};
/* End PBXVariantGroup section */

/* Begin XCBuildConfiguration section */
		915FB0051CBCDAAC0035AC53 /* Debug */ = {
			isa = XCBuildConfiguration;
			buildSettings = {
				ALWAYS_SEARCH_USER_PATHS = NO;
				CLANG_ANALYZER_NONNULL = YES;
				CLANG_CXX_LANGUAGE_STANDARD = "gnu++0x";
				CLANG_CXX_LIBRARY = "libc++";
				CLANG_ENABLE_MODULES = YES;
				CLANG_ENABLE_OBJC_ARC = YES;
				CLANG_WARN_BOOL_CONVERSION = YES;
				CLANG_WARN_CONSTANT_CONVERSION = YES;
				CLANG_WARN_DIRECT_OBJC_ISA_USAGE = YES_ERROR;
				CLANG_WARN_EMPTY_BODY = YES;
				CLANG_WARN_ENUM_CONVERSION = YES;
				CLANG_WARN_INT_CONVERSION = YES;
				CLANG_WARN_OBJC_ROOT_CLASS = YES_ERROR;
				CLANG_WARN_UNREACHABLE_CODE = YES;
				CLANG_WARN__DUPLICATE_METHOD_MATCH = YES;
				"CODE_SIGN_IDENTITY[sdk=iphoneos*]" = "iPhone Developer";
				COPY_PHASE_STRIP = NO;
				DEBUG_INFORMATION_FORMAT = dwarf;
				ENABLE_STRICT_OBJC_MSGSEND = YES;
				ENABLE_TESTABILITY = YES;
				GCC_C_LANGUAGE_STANDARD = gnu99;
				GCC_DYNAMIC_NO_PIC = NO;
				GCC_NO_COMMON_BLOCKS = YES;
				GCC_OPTIMIZATION_LEVEL = 0;
				GCC_PREPROCESSOR_DEFINITIONS = (
					"DEBUG=1",
					"$(inherited)",
				);
				GCC_WARN_64_TO_32_BIT_CONVERSION = YES;
				GCC_WARN_ABOUT_RETURN_TYPE = YES_ERROR;
				GCC_WARN_UNDECLARED_SELECTOR = YES;
				GCC_WARN_UNINITIALIZED_AUTOS = YES_AGGRESSIVE;
				GCC_WARN_UNUSED_FUNCTION = YES;
				GCC_WARN_UNUSED_VARIABLE = YES;
				IPHONEOS_DEPLOYMENT_TARGET = 9.3;
				MTL_ENABLE_DEBUG_INFO = YES;
				ONLY_ACTIVE_ARCH = YES;
				SDKROOT = iphoneos;
				SWIFT_OPTIMIZATION_LEVEL = "-Onone";
				TARGETED_DEVICE_FAMILY = "1,2";
			};
			name = Debug;
		};
		915FB0061CBCDAAC0035AC53 /* Release */ = {
			isa = XCBuildConfiguration;
			buildSettings = {
				ALWAYS_SEARCH_USER_PATHS = NO;
				CLANG_ANALYZER_NONNULL = YES;
				CLANG_CXX_LANGUAGE_STANDARD = "gnu++0x";
				CLANG_CXX_LIBRARY = "libc++";
				CLANG_ENABLE_MODULES = YES;
				CLANG_ENABLE_OBJC_ARC = YES;
				CLANG_WARN_BOOL_CONVERSION = YES;
				CLANG_WARN_CONSTANT_CONVERSION = YES;
				CLANG_WARN_DIRECT_OBJC_ISA_USAGE = YES_ERROR;
				CLANG_WARN_EMPTY_BODY = YES;
				CLANG_WARN_ENUM_CONVERSION = YES;
				CLANG_WARN_INT_CONVERSION = YES;
				CLANG_WARN_OBJC_ROOT_CLASS = YES_ERROR;
				CLANG_WARN_UNREACHABLE_CODE = YES;
				CLANG_WARN__DUPLICATE_METHOD_MATCH = YES;
				"CODE_SIGN_IDENTITY[sdk=iphoneos*]" = "iPhone Developer";
				COPY_PHASE_STRIP = NO;
				DEBUG_INFORMATION_FORMAT = "dwarf-with-dsym";
				ENABLE_NS_ASSERTIONS = NO;
				ENABLE_STRICT_OBJC_MSGSEND = YES;
				GCC_C_LANGUAGE_STANDARD = gnu99;
				GCC_NO_COMMON_BLOCKS = YES;
				GCC_WARN_64_TO_32_BIT_CONVERSION = YES;
				GCC_WARN_ABOUT_RETURN_TYPE = YES_ERROR;
				GCC_WARN_UNDECLARED_SELECTOR = YES;
				GCC_WARN_UNINITIALIZED_AUTOS = YES_AGGRESSIVE;
				GCC_WARN_UNUSED_FUNCTION = YES;
				GCC_WARN_UNUSED_VARIABLE = YES;
				IPHONEOS_DEPLOYMENT_TARGET = 9.3;
				MTL_ENABLE_DEBUG_INFO = NO;
				SDKROOT = iphoneos;
				TARGETED_DEVICE_FAMILY = "1,2";
				VALIDATE_PRODUCT = YES;
			};
			name = Release;
		};
		915FB0081CBCDAAC0035AC53 /* Debug */ = {
			isa = XCBuildConfiguration;
			baseConfigurationReference = 15815108F69197443F045E40 /* Pods.debug.xcconfig */;
			buildSettings = {
				ASSETCATALOG_COMPILER_APPICON_NAME = AppIcon;
				INFOPLIST_FILE = "Open Book/Info.plist";
				LD_RUNPATH_SEARCH_PATHS = "$(inherited) @executable_path/Frameworks";
				PRODUCT_BUNDLE_IDENTIFIER = "martin-chibwe.Open-Book";
				PRODUCT_NAME = "$(TARGET_NAME)";
			};
			name = Debug;
		};
		915FB0091CBCDAAC0035AC53 /* Release */ = {
			isa = XCBuildConfiguration;
			baseConfigurationReference = 1EC8A974B52EFC007CD98271 /* Pods.release.xcconfig */;
			buildSettings = {
				ASSETCATALOG_COMPILER_APPICON_NAME = AppIcon;
				INFOPLIST_FILE = "Open Book/Info.plist";
				LD_RUNPATH_SEARCH_PATHS = "$(inherited) @executable_path/Frameworks";
				PRODUCT_BUNDLE_IDENTIFIER = "martin-chibwe.Open-Book";
				PRODUCT_NAME = "$(TARGET_NAME)";
			};
			name = Release;
		};
		915FB00B1CBCDAAC0035AC53 /* Debug */ = {
			isa = XCBuildConfiguration;
			buildSettings = {
				BUNDLE_LOADER = "$(TEST_HOST)";
				INFOPLIST_FILE = "Open BookTests/Info.plist";
				LD_RUNPATH_SEARCH_PATHS = "$(inherited) @executable_path/Frameworks @loader_path/Frameworks";
				PRODUCT_BUNDLE_IDENTIFIER = "martin-chibwe.Open-BookTests";
				PRODUCT_NAME = "$(TARGET_NAME)";
				TEST_HOST = "$(BUILT_PRODUCTS_DIR)/Open Book.app/Open Book";
			};
			name = Debug;
		};
		915FB00C1CBCDAAC0035AC53 /* Release */ = {
			isa = XCBuildConfiguration;
			buildSettings = {
				BUNDLE_LOADER = "$(TEST_HOST)";
				INFOPLIST_FILE = "Open BookTests/Info.plist";
				LD_RUNPATH_SEARCH_PATHS = "$(inherited) @executable_path/Frameworks @loader_path/Frameworks";
				PRODUCT_BUNDLE_IDENTIFIER = "martin-chibwe.Open-BookTests";
				PRODUCT_NAME = "$(TARGET_NAME)";
				TEST_HOST = "$(BUILT_PRODUCTS_DIR)/Open Book.app/Open Book";
			};
			name = Release;
		};
		915FB00E1CBCDAAC0035AC53 /* Debug */ = {
			isa = XCBuildConfiguration;
			buildSettings = {
				INFOPLIST_FILE = "Open BookUITests/Info.plist";
				LD_RUNPATH_SEARCH_PATHS = "$(inherited) @executable_path/Frameworks @loader_path/Frameworks";
				PRODUCT_BUNDLE_IDENTIFIER = "martin-chibwe.Open-BookUITests";
				PRODUCT_NAME = "$(TARGET_NAME)";
				TEST_TARGET_NAME = "Open Book";
			};
			name = Debug;
		};
		915FB00F1CBCDAAC0035AC53 /* Release */ = {
			isa = XCBuildConfiguration;
			buildSettings = {
				INFOPLIST_FILE = "Open BookUITests/Info.plist";
				LD_RUNPATH_SEARCH_PATHS = "$(inherited) @executable_path/Frameworks @loader_path/Frameworks";
				PRODUCT_BUNDLE_IDENTIFIER = "martin-chibwe.Open-BookUITests";
				PRODUCT_NAME = "$(TARGET_NAME)";
				TEST_TARGET_NAME = "Open Book";
			};
			name = Release;
		};
/* End XCBuildConfiguration section */

/* Begin XCConfigurationList section */
		915FAFD71CBCDAAB0035AC53 /* Build configuration list for PBXProject "Open Book" */ = {
			isa = XCConfigurationList;
			buildConfigurations = (
				915FB0051CBCDAAC0035AC53 /* Debug */,
				915FB0061CBCDAAC0035AC53 /* Release */,
			);
			defaultConfigurationIsVisible = 0;
			defaultConfigurationName = Release;
		};
		915FB0071CBCDAAC0035AC53 /* Build configuration list for PBXNativeTarget "Open Book" */ = {
			isa = XCConfigurationList;
			buildConfigurations = (
				915FB0081CBCDAAC0035AC53 /* Debug */,
				915FB0091CBCDAAC0035AC53 /* Release */,
			);
			defaultConfigurationIsVisible = 0;
			defaultConfigurationName = Release;
		};
		915FB00A1CBCDAAC0035AC53 /* Build configuration list for PBXNativeTarget "Open BookTests" */ = {
			isa = XCConfigurationList;
			buildConfigurations = (
				915FB00B1CBCDAAC0035AC53 /* Debug */,
				915FB00C1CBCDAAC0035AC53 /* Release */,
			);
			defaultConfigurationIsVisible = 0;
			defaultConfigurationName = Release;
		};
		915FB00D1CBCDAAC0035AC53 /* Build configuration list for PBXNativeTarget "Open BookUITests" */ = {
			isa = XCConfigurationList;
			buildConfigurations = (
				915FB00E1CBCDAAC0035AC53 /* Debug */,
				915FB00F1CBCDAAC0035AC53 /* Release */,
			);
			defaultConfigurationIsVisible = 0;
			defaultConfigurationName = Release;
		};
/* End XCConfigurationList section */

/* Begin XCVersionGroup section */
		915FAFE61CBCDAAB0035AC53 /* Open_Book.xcdatamodeld */ = {
			isa = XCVersionGroup;
			children = (
				915FAFE71CBCDAAB0035AC53 /* Open_Book.xcdatamodel */,
			);
			currentVersion = 915FAFE71CBCDAAB0035AC53 /* Open_Book.xcdatamodel */;
			path = Open_Book.xcdatamodeld;
			sourceTree = "<group>";
			versionGroupType = wrapper.xcdatamodel;
		};
/* End XCVersionGroup section */
	};
	rootObject = 915FAFD41CBCDAAA0035AC53 /* Project object */;
}
