// !$*UTF8*$!
{
	archiveVersion = 1;
	classes = {
	};
	objectVersion = 46;
	objects = {

/* Begin PBXBuildFile section */
		911173511CBCF78E009DA656 /* AppDelegate.swift in Sources */ = {isa = PBXBuildFile; fileRef = 911173501CBCF78E009DA656 /* AppDelegate.swift */; };
		911173561CBCF78E009DA656 /* Main.storyboard in Resources */ = {isa = PBXBuildFile; fileRef = 911173541CBCF78E009DA656 /* Main.storyboard */; };
		911173591CBCF78E009DA656 /* Open_Book.xcdatamodeld in Sources */ = {isa = PBXBuildFile; fileRef = 911173571CBCF78E009DA656 /* Open_Book.xcdatamodeld */; };
		9111735B1CBCF78E009DA656 /* Assets.xcassets in Resources */ = {isa = PBXBuildFile; fileRef = 9111735A1CBCF78E009DA656 /* Assets.xcassets */; };
		9111735E1CBCF78E009DA656 /* LaunchScreen.storyboard in Resources */ = {isa = PBXBuildFile; fileRef = 9111735C1CBCF78E009DA656 /* LaunchScreen.storyboard */; };
		911173691CBCF78E009DA656 /* Open_BookTests.swift in Sources */ = {isa = PBXBuildFile; fileRef = 911173681CBCF78E009DA656 /* Open_BookTests.swift */; };
		911173741CBCF78E009DA656 /* Open_BookUITests.swift in Sources */ = {isa = PBXBuildFile; fileRef = 911173731CBCF78E009DA656 /* Open_BookUITests.swift */; };
		911173821CBCF8C5009DA656 /* OpenBookStore.swift in Sources */ = {isa = PBXBuildFile; fileRef = 911173811CBCF8C5009DA656 /* OpenBookStore.swift */; };
		911173841CBCFA46009DA656 /* CategoryCell.swift in Sources */ = {isa = PBXBuildFile; fileRef = 911173831CBCFA46009DA656 /* CategoryCell.swift */; };
/* End PBXBuildFile section */

/* Begin PBXContainerItemProxy section */
		911173651CBCF78E009DA656 /* PBXContainerItemProxy */ = {
			isa = PBXContainerItemProxy;
			containerPortal = 911173451CBCF78E009DA656 /* Project object */;
			proxyType = 1;
			remoteGlobalIDString = 9111734C1CBCF78E009DA656;
			remoteInfo = "Open Book";
		};
		911173701CBCF78E009DA656 /* PBXContainerItemProxy */ = {
			isa = PBXContainerItemProxy;
			containerPortal = 911173451CBCF78E009DA656 /* Project object */;
			proxyType = 1;
			remoteGlobalIDString = 9111734C1CBCF78E009DA656;
			remoteInfo = "Open Book";
		};
/* End PBXContainerItemProxy section */

/* Begin PBXFileReference section */
		9111734D1CBCF78E009DA656 /* Open Book.app */ = {isa = PBXFileReference; explicitFileType = wrapper.application; includeInIndex = 0; path = "Open Book.app"; sourceTree = BUILT_PRODUCTS_DIR; };
		911173501CBCF78E009DA656 /* AppDelegate.swift */ = {isa = PBXFileReference; lastKnownFileType = sourcecode.swift; path = AppDelegate.swift; sourceTree = "<group>"; };
		911173551CBCF78E009DA656 /* Base */ = {isa = PBXFileReference; lastKnownFileType = file.storyboard; name = Base; path = Base.lproj/Main.storyboard; sourceTree = "<group>"; };
		911173581CBCF78E009DA656 /* Open_Book.xcdatamodel */ = {isa = PBXFileReference; lastKnownFileType = wrapper.xcdatamodel; path = Open_Book.xcdatamodel; sourceTree = "<group>"; };
		9111735A1CBCF78E009DA656 /* Assets.xcassets */ = {isa = PBXFileReference; lastKnownFileType = folder.assetcatalog; path = Assets.xcassets; sourceTree = "<group>"; };
		9111735D1CBCF78E009DA656 /* Base */ = {isa = PBXFileReference; lastKnownFileType = file.storyboard; name = Base; path = Base.lproj/LaunchScreen.storyboard; sourceTree = "<group>"; };
		9111735F1CBCF78E009DA656 /* Info.plist */ = {isa = PBXFileReference; lastKnownFileType = text.plist.xml; path = Info.plist; sourceTree = "<group>"; };
		911173641CBCF78E009DA656 /* Open BookTests.xctest */ = {isa = PBXFileReference; explicitFileType = wrapper.cfbundle; includeInIndex = 0; path = "Open BookTests.xctest"; sourceTree = BUILT_PRODUCTS_DIR; };
		911173681CBCF78E009DA656 /* Open_BookTests.swift */ = {isa = PBXFileReference; lastKnownFileType = sourcecode.swift; path = Open_BookTests.swift; sourceTree = "<group>"; };
		9111736A1CBCF78E009DA656 /* Info.plist */ = {isa = PBXFileReference; lastKnownFileType = text.plist.xml; path = Info.plist; sourceTree = "<group>"; };
		9111736F1CBCF78E009DA656 /* Open BookUITests.xctest */ = {isa = PBXFileReference; explicitFileType = wrapper.cfbundle; includeInIndex = 0; path = "Open BookUITests.xctest"; sourceTree = BUILT_PRODUCTS_DIR; };
		911173731CBCF78E009DA656 /* Open_BookUITests.swift */ = {isa = PBXFileReference; lastKnownFileType = sourcecode.swift; path = Open_BookUITests.swift; sourceTree = "<group>"; };
		911173751CBCF78E009DA656 /* Info.plist */ = {isa = PBXFileReference; lastKnownFileType = text.plist.xml; path = Info.plist; sourceTree = "<group>"; };
		911173811CBCF8C5009DA656 /* OpenBookStore.swift */ = {isa = PBXFileReference; fileEncoding = 4; lastKnownFileType = sourcecode.swift; path = OpenBookStore.swift; sourceTree = "<group>"; };
		911173831CBCFA46009DA656 /* CategoryCell.swift */ = {isa = PBXFileReference; fileEncoding = 4; lastKnownFileType = sourcecode.swift; path = CategoryCell.swift; sourceTree = "<group>"; };
/* End PBXFileReference section */

/* Begin PBXFrameworksBuildPhase section */
		9111734A1CBCF78E009DA656 /* Frameworks */ = {
			isa = PBXFrameworksBuildPhase;
			buildActionMask = 2147483647;
			files = (
			);
			runOnlyForDeploymentPostprocessing = 0;
		};
		911173611CBCF78E009DA656 /* Frameworks */ = {
			isa = PBXFrameworksBuildPhase;
			buildActionMask = 2147483647;
			files = (
			);
			runOnlyForDeploymentPostprocessing = 0;
		};
		9111736C1CBCF78E009DA656 /* Frameworks */ = {
			isa = PBXFrameworksBuildPhase;
			buildActionMask = 2147483647;
			files = (
			);
			runOnlyForDeploymentPostprocessing = 0;
		};
/* End PBXFrameworksBuildPhase section */

/* Begin PBXGroup section */
		911173441CBCF78E009DA656 = {
			isa = PBXGroup;
			children = (
				9111734F1CBCF78E009DA656 /* Open Book */,
				911173671CBCF78E009DA656 /* Open BookTests */,
				911173721CBCF78E009DA656 /* Open BookUITests */,
				9111734E1CBCF78E009DA656 /* Products */,
			);
			sourceTree = "<group>";
		};
		9111734E1CBCF78E009DA656 /* Products */ = {
			isa = PBXGroup;
			children = (
				9111734D1CBCF78E009DA656 /* Open Book.app */,
				911173641CBCF78E009DA656 /* Open BookTests.xctest */,
				9111736F1CBCF78E009DA656 /* Open BookUITests.xctest */,
			);
			name = Products;
			sourceTree = "<group>";
		};
		9111734F1CBCF78E009DA656 /* Open Book */ = {
			isa = PBXGroup;
			children = (
				911173501CBCF78E009DA656 /* AppDelegate.swift */,
				911173541CBCF78E009DA656 /* Main.storyboard */,
				9111735A1CBCF78E009DA656 /* Assets.xcassets */,
				9111735C1CBCF78E009DA656 /* LaunchScreen.storyboard */,
				9111735F1CBCF78E009DA656 /* Info.plist */,
				911173571CBCF78E009DA656 /* Open_Book.xcdatamodeld */,
				911173811CBCF8C5009DA656 /* OpenBookStore.swift */,
				911173831CBCFA46009DA656 /* CategoryCell.swift */,
			);
			path = "Open Book";
			sourceTree = "<group>";
		};
		911173671CBCF78E009DA656 /* Open BookTests */ = {
			isa = PBXGroup;
			children = (
				911173681CBCF78E009DA656 /* Open_BookTests.swift */,
				9111736A1CBCF78E009DA656 /* Info.plist */,
			);
			path = "Open BookTests";
			sourceTree = "<group>";
		};
		911173721CBCF78E009DA656 /* Open BookUITests */ = {
			isa = PBXGroup;
			children = (
				911173731CBCF78E009DA656 /* Open_BookUITests.swift */,
				911173751CBCF78E009DA656 /* Info.plist */,
			);
			path = "Open BookUITests";
			sourceTree = "<group>";
		};
/* End PBXGroup section */

/* Begin PBXNativeTarget section */
		9111734C1CBCF78E009DA656 /* Open Book */ = {
			isa = PBXNativeTarget;
			buildConfigurationList = 911173781CBCF78F009DA656 /* Build configuration list for PBXNativeTarget "Open Book" */;
			buildPhases = (
				911173491CBCF78E009DA656 /* Sources */,
				9111734A1CBCF78E009DA656 /* Frameworks */,
				9111734B1CBCF78E009DA656 /* Resources */,
			);
			buildRules = (
			);
			dependencies = (
			);
			name = "Open Book";
			productName = "Open Book";
			productReference = 9111734D1CBCF78E009DA656 /* Open Book.app */;
			productType = "com.apple.product-type.application";
		};
		911173631CBCF78E009DA656 /* Open BookTests */ = {
			isa = PBXNativeTarget;
			buildConfigurationList = 9111737B1CBCF78F009DA656 /* Build configuration list for PBXNativeTarget "Open BookTests" */;
			buildPhases = (
				911173601CBCF78E009DA656 /* Sources */,
				911173611CBCF78E009DA656 /* Frameworks */,
				911173621CBCF78E009DA656 /* Resources */,
			);
			buildRules = (
			);
			dependencies = (
				911173661CBCF78E009DA656 /* PBXTargetDependency */,
			);
			name = "Open BookTests";
			productName = "Open BookTests";
			productReference = 911173641CBCF78E009DA656 /* Open BookTests.xctest */;
			productType = "com.apple.product-type.bundle.unit-test";
		};
		9111736E1CBCF78E009DA656 /* Open BookUITests */ = {
			isa = PBXNativeTarget;
			buildConfigurationList = 9111737E1CBCF78F009DA656 /* Build configuration list for PBXNativeTarget "Open BookUITests" */;
			buildPhases = (
				9111736B1CBCF78E009DA656 /* Sources */,
				9111736C1CBCF78E009DA656 /* Frameworks */,
				9111736D1CBCF78E009DA656 /* Resources */,
			);
			buildRules = (
			);
			dependencies = (
				911173711CBCF78E009DA656 /* PBXTargetDependency */,
			);
			name = "Open BookUITests";
			productName = "Open BookUITests";
			productReference = 9111736F1CBCF78E009DA656 /* Open BookUITests.xctest */;
			productType = "com.apple.product-type.bundle.ui-testing";
		};
/* End PBXNativeTarget section */

/* Begin PBXProject section */
		911173451CBCF78E009DA656 /* Project object */ = {
			isa = PBXProject;
			attributes = {
				LastSwiftUpdateCheck = 0730;
				LastUpgradeCheck = 0730;
				ORGANIZATIONNAME = "martin chibwe";
				TargetAttributes = {
					9111734C1CBCF78E009DA656 = {
						CreatedOnToolsVersion = 7.3;
					};
					911173631CBCF78E009DA656 = {
						CreatedOnToolsVersion = 7.3;
						TestTargetID = 9111734C1CBCF78E009DA656;
					};
					9111736E1CBCF78E009DA656 = {
						CreatedOnToolsVersion = 7.3;
						TestTargetID = 9111734C1CBCF78E009DA656;
					};
				};
			};
			buildConfigurationList = 911173481CBCF78E009DA656 /* Build configuration list for PBXProject "Open Book" */;
			compatibilityVersion = "Xcode 3.2";
			developmentRegion = English;
			hasScannedForEncodings = 0;
			knownRegions = (
				en,
				Base,
			);
			mainGroup = 911173441CBCF78E009DA656;
			productRefGroup = 9111734E1CBCF78E009DA656 /* Products */;
			projectDirPath = "";
			projectRoot = "";
			targets = (
				9111734C1CBCF78E009DA656 /* Open Book */,
				911173631CBCF78E009DA656 /* Open BookTests */,
				9111736E1CBCF78E009DA656 /* Open BookUITests */,
			);
		};
/* End PBXProject section */

/* Begin PBXResourcesBuildPhase section */
		9111734B1CBCF78E009DA656 /* Resources */ = {
			isa = PBXResourcesBuildPhase;
			buildActionMask = 2147483647;
			files = (
				9111735E1CBCF78E009DA656 /* LaunchScreen.storyboard in Resources */,
				9111735B1CBCF78E009DA656 /* Assets.xcassets in Resources */,
				911173561CBCF78E009DA656 /* Main.storyboard in Resources */,
			);
			runOnlyForDeploymentPostprocessing = 0;
		};
		911173621CBCF78E009DA656 /* Resources */ = {
			isa = PBXResourcesBuildPhase;
			buildActionMask = 2147483647;
			files = (
			);
			runOnlyForDeploymentPostprocessing = 0;
		};
		9111736D1CBCF78E009DA656 /* Resources */ = {
			isa = PBXResourcesBuildPhase;
			buildActionMask = 2147483647;
			files = (
			);
			runOnlyForDeploymentPostprocessing = 0;
		};
/* End PBXResourcesBuildPhase section */

/* Begin PBXSourcesBuildPhase section */
		911173491CBCF78E009DA656 /* Sources */ = {
			isa = PBXSourcesBuildPhase;
			buildActionMask = 2147483647;
			files = (
				911173821CBCF8C5009DA656 /* OpenBookStore.swift in Sources */,
				911173591CBCF78E009DA656 /* Open_Book.xcdatamodeld in Sources */,
				911173511CBCF78E009DA656 /* AppDelegate.swift in Sources */,
				911173841CBCFA46009DA656 /* CategoryCell.swift in Sources */,
			);
			runOnlyForDeploymentPostprocessing = 0;
		};
		911173601CBCF78E009DA656 /* Sources */ = {
			isa = PBXSourcesBuildPhase;
			buildActionMask = 2147483647;
			files = (
				911173691CBCF78E009DA656 /* Open_BookTests.swift in Sources */,
			);
			runOnlyForDeploymentPostprocessing = 0;
		};
		9111736B1CBCF78E009DA656 /* Sources */ = {
			isa = PBXSourcesBuildPhase;
			buildActionMask = 2147483647;
			files = (
				911173741CBCF78E009DA656 /* Open_BookUITests.swift in Sources */,
			);
			runOnlyForDeploymentPostprocessing = 0;
		};
/* End PBXSourcesBuildPhase section */

/* Begin PBXTargetDependency section */
		911173661CBCF78E009DA656 /* PBXTargetDependency */ = {
			isa = PBXTargetDependency;
			target = 9111734C1CBCF78E009DA656 /* Open Book */;
			targetProxy = 911173651CBCF78E009DA656 /* PBXContainerItemProxy */;
		};
		911173711CBCF78E009DA656 /* PBXTargetDependency */ = {
			isa = PBXTargetDependency;
			target = 9111734C1CBCF78E009DA656 /* Open Book */;
			targetProxy = 911173701CBCF78E009DA656 /* PBXContainerItemProxy */;
		};
/* End PBXTargetDependency section */

/* Begin PBXVariantGroup section */
		911173541CBCF78E009DA656 /* Main.storyboard */ = {
			isa = PBXVariantGroup;
			children = (
				911173551CBCF78E009DA656 /* Base */,
			);
			name = Main.storyboard;
			sourceTree = "<group>";
		};
		9111735C1CBCF78E009DA656 /* LaunchScreen.storyboard */ = {
			isa = PBXVariantGroup;
			children = (
				9111735D1CBCF78E009DA656 /* Base */,
			);
			name = LaunchScreen.storyboard;
			sourceTree = "<group>";
		};
/* End PBXVariantGroup section */

/* Begin XCBuildConfiguration section */
		911173761CBCF78F009DA656 /* Debug */ = {
			isa = XCBuildConfiguration;
			buildSettings = {
				ALWAYS_SEARCH_USER_PATHS = NO;
				CLANG_ANALYZER_NONNULL = YES;
				CLANG_CXX_LANGUAGE_STANDARD = "gnu++0x";
				CLANG_CXX_LIBRARY = "libc++";
				CLANG_ENABLE_MODULES = YES;
				CLANG_ENABLE_OBJC_ARC = YES;
				CLANG_WARN_BOOL_CONVERSION = YES;
				CLANG_WARN_CONSTANT_CONVERSION = YES;
				CLANG_WARN_DIRECT_OBJC_ISA_USAGE = YES_ERROR;
				CLANG_WARN_EMPTY_BODY = YES;
				CLANG_WARN_ENUM_CONVERSION = YES;
				CLANG_WARN_INT_CONVERSION = YES;
				CLANG_WARN_OBJC_ROOT_CLASS = YES_ERROR;
				CLANG_WARN_UNREACHABLE_CODE = YES;
				CLANG_WARN__DUPLICATE_METHOD_MATCH = YES;
				"CODE_SIGN_IDENTITY[sdk=iphoneos*]" = "iPhone Developer";
				COPY_PHASE_STRIP = NO;
				DEBUG_INFORMATION_FORMAT = dwarf;
				ENABLE_STRICT_OBJC_MSGSEND = YES;
				ENABLE_TESTABILITY = YES;
				GCC_C_LANGUAGE_STANDARD = gnu99;
				GCC_DYNAMIC_NO_PIC = NO;
				GCC_NO_COMMON_BLOCKS = YES;
				GCC_OPTIMIZATION_LEVEL = 0;
				GCC_PREPROCESSOR_DEFINITIONS = (
					"DEBUG=1",
					"$(inherited)",
				);
				GCC_WARN_64_TO_32_BIT_CONVERSION = YES;
				GCC_WARN_ABOUT_RETURN_TYPE = YES_ERROR;
				GCC_WARN_UNDECLARED_SELECTOR = YES;
				GCC_WARN_UNINITIALIZED_AUTOS = YES_AGGRESSIVE;
				GCC_WARN_UNUSED_FUNCTION = YES;
				GCC_WARN_UNUSED_VARIABLE = YES;
				IPHONEOS_DEPLOYMENT_TARGET = 9.3;
				MTL_ENABLE_DEBUG_INFO = YES;
				ONLY_ACTIVE_ARCH = YES;
				SDKROOT = iphoneos;
				SWIFT_OPTIMIZATION_LEVEL = "-Onone";
				TARGETED_DEVICE_FAMILY = "1,2";
			};
			name = Debug;
		};
		911173771CBCF78F009DA656 /* Release */ = {
			isa = XCBuildConfiguration;
			buildSettings = {
				ALWAYS_SEARCH_USER_PATHS = NO;
				CLANG_ANALYZER_NONNULL = YES;
				CLANG_CXX_LANGUAGE_STANDARD = "gnu++0x";
				CLANG_CXX_LIBRARY = "libc++";
				CLANG_ENABLE_MODULES = YES;
				CLANG_ENABLE_OBJC_ARC = YES;
				CLANG_WARN_BOOL_CONVERSION = YES;
				CLANG_WARN_CONSTANT_CONVERSION = YES;
				CLANG_WARN_DIRECT_OBJC_ISA_USAGE = YES_ERROR;
				CLANG_WARN_EMPTY_BODY = YES;
				CLANG_WARN_ENUM_CONVERSION = YES;
				CLANG_WARN_INT_CONVERSION = YES;
				CLANG_WARN_OBJC_ROOT_CLASS = YES_ERROR;
				CLANG_WARN_UNREACHABLE_CODE = YES;
				CLANG_WARN__DUPLICATE_METHOD_MATCH = YES;
				"CODE_SIGN_IDENTITY[sdk=iphoneos*]" = "iPhone Developer";
				COPY_PHASE_STRIP = NO;
				DEBUG_INFORMATION_FORMAT = "dwarf-with-dsym";
				ENABLE_NS_ASSERTIONS = NO;
				ENABLE_STRICT_OBJC_MSGSEND = YES;
				GCC_C_LANGUAGE_STANDARD = gnu99;
				GCC_NO_COMMON_BLOCKS = YES;
				GCC_WARN_64_TO_32_BIT_CONVERSION = YES;
				GCC_WARN_ABOUT_RETURN_TYPE = YES_ERROR;
				GCC_WARN_UNDECLARED_SELECTOR = YES;
				GCC_WARN_UNINITIALIZED_AUTOS = YES_AGGRESSIVE;
				GCC_WARN_UNUSED_FUNCTION = YES;
				GCC_WARN_UNUSED_VARIABLE = YES;
				IPHONEOS_DEPLOYMENT_TARGET = 9.3;
				MTL_ENABLE_DEBUG_INFO = NO;
				SDKROOT = iphoneos;
				TARGETED_DEVICE_FAMILY = "1,2";
				VALIDATE_PRODUCT = YES;
			};
			name = Release;
		};
		911173791CBCF78F009DA656 /* Debug */ = {
			isa = XCBuildConfiguration;
			buildSettings = {
				ASSETCATALOG_COMPILER_APPICON_NAME = AppIcon;
				INFOPLIST_FILE = "Open Book/Info.plist";
				LD_RUNPATH_SEARCH_PATHS = "$(inherited) @executable_path/Frameworks";
				PRODUCT_BUNDLE_IDENTIFIER = "martin-chibwe.Open-Book";
				PRODUCT_NAME = "$(TARGET_NAME)";
			};
			name = Debug;
		};
		9111737A1CBCF78F009DA656 /* Release */ = {
			isa = XCBuildConfiguration;
			buildSettings = {
				ASSETCATALOG_COMPILER_APPICON_NAME = AppIcon;
				INFOPLIST_FILE = "Open Book/Info.plist";
				LD_RUNPATH_SEARCH_PATHS = "$(inherited) @executable_path/Frameworks";
				PRODUCT_BUNDLE_IDENTIFIER = "martin-chibwe.Open-Book";
				PRODUCT_NAME = "$(TARGET_NAME)";
			};
			name = Release;
		};
		9111737C1CBCF78F009DA656 /* Debug */ = {
			isa = XCBuildConfiguration;
			buildSettings = {
				BUNDLE_LOADER = "$(TEST_HOST)";
				INFOPLIST_FILE = "Open BookTests/Info.plist";
				LD_RUNPATH_SEARCH_PATHS = "$(inherited) @executable_path/Frameworks @loader_path/Frameworks";
				PRODUCT_BUNDLE_IDENTIFIER = "martin-chibwe.Open-BookTests";
				PRODUCT_NAME = "$(TARGET_NAME)";
				TEST_HOST = "$(BUILT_PRODUCTS_DIR)/Open Book.app/Open Book";
			};
			name = Debug;
		};
		9111737D1CBCF78F009DA656 /* Release */ = {
			isa = XCBuildConfiguration;
			buildSettings = {
				BUNDLE_LOADER = "$(TEST_HOST)";
				INFOPLIST_FILE = "Open BookTests/Info.plist";
				LD_RUNPATH_SEARCH_PATHS = "$(inherited) @executable_path/Frameworks @loader_path/Frameworks";
				PRODUCT_BUNDLE_IDENTIFIER = "martin-chibwe.Open-BookTests";
				PRODUCT_NAME = "$(TARGET_NAME)";
				TEST_HOST = "$(BUILT_PRODUCTS_DIR)/Open Book.app/Open Book";
			};
			name = Release;
		};
		9111737F1CBCF78F009DA656 /* Debug */ = {
			isa = XCBuildConfiguration;
			buildSettings = {
				INFOPLIST_FILE = "Open BookUITests/Info.plist";
				LD_RUNPATH_SEARCH_PATHS = "$(inherited) @executable_path/Frameworks @loader_path/Frameworks";
				PRODUCT_BUNDLE_IDENTIFIER = "martin-chibwe.Open-BookUITests";
				PRODUCT_NAME = "$(TARGET_NAME)";
				TEST_TARGET_NAME = "Open Book";
			};
			name = Debug;
		};
		911173801CBCF78F009DA656 /* Release */ = {
			isa = XCBuildConfiguration;
			buildSettings = {
				INFOPLIST_FILE = "Open BookUITests/Info.plist";
				LD_RUNPATH_SEARCH_PATHS = "$(inherited) @executable_path/Frameworks @loader_path/Frameworks";
				PRODUCT_BUNDLE_IDENTIFIER = "martin-chibwe.Open-BookUITests";
				PRODUCT_NAME = "$(TARGET_NAME)";
				TEST_TARGET_NAME = "Open Book";
			};
			name = Release;
		};
/* End XCBuildConfiguration section */

/* Begin XCConfigurationList section */
		911173481CBCF78E009DA656 /* Build configuration list for PBXProject "Open Book" */ = {
			isa = XCConfigurationList;
			buildConfigurations = (
				911173761CBCF78F009DA656 /* Debug */,
				911173771CBCF78F009DA656 /* Release */,
			);
			defaultConfigurationIsVisible = 0;
			defaultConfigurationName = Release;
		};
		911173781CBCF78F009DA656 /* Build configuration list for PBXNativeTarget "Open Book" */ = {
			isa = XCConfigurationList;
			buildConfigurations = (
				911173791CBCF78F009DA656 /* Debug */,
				9111737A1CBCF78F009DA656 /* Release */,
			);
			defaultConfigurationIsVisible = 0;
		};
		9111737B1CBCF78F009DA656 /* Build configuration list for PBXNativeTarget "Open BookTests" */ = {
			isa = XCConfigurationList;
			buildConfigurations = (
				9111737C1CBCF78F009DA656 /* Debug */,
				9111737D1CBCF78F009DA656 /* Release */,
			);
			defaultConfigurationIsVisible = 0;
		};
		9111737E1CBCF78F009DA656 /* Build configuration list for PBXNativeTarget "Open BookUITests" */ = {
			isa = XCConfigurationList;
			buildConfigurations = (
				9111737F1CBCF78F009DA656 /* Debug */,
				911173801CBCF78F009DA656 /* Release */,
			);
			defaultConfigurationIsVisible = 0;
		};
/* End XCConfigurationList section */

/* Begin XCVersionGroup section */
		911173571CBCF78E009DA656 /* Open_Book.xcdatamodeld */ = {
			isa = XCVersionGroup;
			children = (
				911173581CBCF78E009DA656 /* Open_Book.xcdatamodel */,
			);
			currentVersion = 911173581CBCF78E009DA656 /* Open_Book.xcdatamodel */;
			path = Open_Book.xcdatamodeld;
			sourceTree = "<group>";
			versionGroupType = wrapper.xcdatamodel;
		};
/* End XCVersionGroup section */
	};
	rootObject = 911173451CBCF78E009DA656 /* Project object */;
}
