// !$*UTF8*$!
{
	archiveVersion = 1;
	classes = {
	};
	objectVersion = 46;
	objects = {

/* Begin PBXBuildFile section */
		911D52591CA144BE0015CA76 /* TableViewCellDeletion.swift in Sources */ = {isa = PBXBuildFile; fileRef = 911D52581CA144BE0015CA76 /* TableViewCellDeletion.swift */; };
		911D525B1CA144F90015CA76 /* ToDoItem.swift in Sources */ = {isa = PBXBuildFile; fileRef = 911D525A1CA144F90015CA76 /* ToDoItem.swift */; };
		917D884E1C8EBBD300631060 /* MainIdeas.swift in Sources */ = {isa = PBXBuildFile; fileRef = 917D884D1C8EBBD300631060 /* MainIdeas.swift */; };
		917D88501C8EBD0300631060 /* IdeaCell.swift in Sources */ = {isa = PBXBuildFile; fileRef = 917D884F1C8EBD0300631060 /* IdeaCell.swift */; };
		917D88521C8EC3C400631060 /* MateralTextField.swift in Sources */ = {isa = PBXBuildFile; fileRef = 917D88511C8EC3C300631060 /* MateralTextField.swift */; };
		917D88541C8EC3E500631060 /* Constants.swift in Sources */ = {isa = PBXBuildFile; fileRef = 917D88531C8EC3E500631060 /* Constants.swift */; };
		91877D451C9EBDD500F77A2C /* Color.swift in Sources */ = {isa = PBXBuildFile; fileRef = 91877D441C9EBDD500F77A2C /* Color.swift */; };
		91877D4B1C9EBE9600F77A2C /* MaterailView.swift in Sources */ = {isa = PBXBuildFile; fileRef = 91877D4A1C9EBE9600F77A2C /* MaterailView.swift */; };
		918F18C11C9F8E9F00A56C32 /* DivergentCell.swift in Sources */ = {isa = PBXBuildFile; fileRef = 918F18C01C9F8E9F00A56C32 /* DivergentCell.swift */; };
		919E9C841C9EB956009BBF7D /* Divergent.swift in Sources */ = {isa = PBXBuildFile; fileRef = 919E9C831C9EB956009BBF7D /* Divergent.swift */; };
		91A720291C8BE61F00D0C54F /* AppDelegate.swift in Sources */ = {isa = PBXBuildFile; fileRef = 91A720281C8BE61F00D0C54F /* AppDelegate.swift */; };
		91A7202E1C8BE61F00D0C54F /* Main.storyboard in Resources */ = {isa = PBXBuildFile; fileRef = 91A7202C1C8BE61F00D0C54F /* Main.storyboard */; };
		91A720311C8BE61F00D0C54F /* essence.xcdatamodeld in Sources */ = {isa = PBXBuildFile; fileRef = 91A7202F1C8BE61F00D0C54F /* essence.xcdatamodeld */; };
		91A720331C8BE61F00D0C54F /* Assets.xcassets in Resources */ = {isa = PBXBuildFile; fileRef = 91A720321C8BE61F00D0C54F /* Assets.xcassets */; };
		91A720361C8BE61F00D0C54F /* LaunchScreen.storyboard in Resources */ = {isa = PBXBuildFile; fileRef = 91A720341C8BE61F00D0C54F /* LaunchScreen.storyboard */; };
		91A720411C8BE61F00D0C54F /* essenceTests.swift in Sources */ = {isa = PBXBuildFile; fileRef = 91A720401C8BE61F00D0C54F /* essenceTests.swift */; };
		91A7204C1C8BE61F00D0C54F /* essenceUITests.swift in Sources */ = {isa = PBXBuildFile; fileRef = 91A7204B1C8BE61F00D0C54F /* essenceUITests.swift */; };
/* End PBXBuildFile section */

/* Begin PBXContainerItemProxy section */
		91A7203D1C8BE61F00D0C54F /* PBXContainerItemProxy */ = {
			isa = PBXContainerItemProxy;
			containerPortal = 91A7201D1C8BE61F00D0C54F /* Project object */;
			proxyType = 1;
			remoteGlobalIDString = 91A720241C8BE61F00D0C54F;
			remoteInfo = essence;
		};
		91A720481C8BE61F00D0C54F /* PBXContainerItemProxy */ = {
			isa = PBXContainerItemProxy;
			containerPortal = 91A7201D1C8BE61F00D0C54F /* Project object */;
			proxyType = 1;
			remoteGlobalIDString = 91A720241C8BE61F00D0C54F;
			remoteInfo = essence;
		};
/* End PBXContainerItemProxy section */

/* Begin PBXFileReference section */
		911D52581CA144BE0015CA76 /* TableViewCellDeletion.swift */ = {isa = PBXFileReference; fileEncoding = 4; lastKnownFileType = sourcecode.swift; path = TableViewCellDeletion.swift; sourceTree = "<group>"; };
		911D525A1CA144F90015CA76 /* ToDoItem.swift */ = {isa = PBXFileReference; fileEncoding = 4; lastKnownFileType = sourcecode.swift; path = ToDoItem.swift; sourceTree = "<group>"; };
		911D525C1CA15C240015CA76 /* MyPlayground.playground */ = {isa = PBXFileReference; lastKnownFileType = file.playground; path = MyPlayground.playground; sourceTree = "<group>"; };
		917D884D1C8EBBD300631060 /* MainIdeas.swift */ = {isa = PBXFileReference; fileEncoding = 4; lastKnownFileType = sourcecode.swift; path = MainIdeas.swift; sourceTree = "<group>"; };
		917D884F1C8EBD0300631060 /* IdeaCell.swift */ = {isa = PBXFileReference; fileEncoding = 4; lastKnownFileType = sourcecode.swift; path = IdeaCell.swift; sourceTree = "<group>"; };
		917D88511C8EC3C300631060 /* MateralTextField.swift */ = {isa = PBXFileReference; fileEncoding = 4; lastKnownFileType = sourcecode.swift; path = MateralTextField.swift; sourceTree = "<group>"; };
		917D88531C8EC3E500631060 /* Constants.swift */ = {isa = PBXFileReference; fileEncoding = 4; lastKnownFileType = sourcecode.swift; path = Constants.swift; sourceTree = "<group>"; };
		91877D441C9EBDD500F77A2C /* Color.swift */ = {isa = PBXFileReference; fileEncoding = 4; lastKnownFileType = sourcecode.swift; path = Color.swift; sourceTree = "<group>"; };
		91877D4A1C9EBE9600F77A2C /* MaterailView.swift */ = {isa = PBXFileReference; fileEncoding = 4; lastKnownFileType = sourcecode.swift; path = MaterailView.swift; sourceTree = "<group>"; };
		918F18C01C9F8E9F00A56C32 /* DivergentCell.swift */ = {isa = PBXFileReference; fileEncoding = 4; lastKnownFileType = sourcecode.swift; path = DivergentCell.swift; sourceTree = "<group>"; };
		919E9C831C9EB956009BBF7D /* Divergent.swift */ = {isa = PBXFileReference; fileEncoding = 4; lastKnownFileType = sourcecode.swift; name = Divergent.swift; path = ../Divergent.swift; sourceTree = "<group>"; };
		91A720251C8BE61F00D0C54F /* essence.app */ = {isa = PBXFileReference; explicitFileType = wrapper.application; includeInIndex = 0; path = essence.app; sourceTree = BUILT_PRODUCTS_DIR; };
		91A720281C8BE61F00D0C54F /* AppDelegate.swift */ = {isa = PBXFileReference; lastKnownFileType = sourcecode.swift; path = AppDelegate.swift; sourceTree = "<group>"; };
		91A7202D1C8BE61F00D0C54F /* Base */ = {isa = PBXFileReference; lastKnownFileType = file.storyboard; name = Base; path = Base.lproj/Main.storyboard; sourceTree = "<group>"; };
		91A720301C8BE61F00D0C54F /* essence.xcdatamodel */ = {isa = PBXFileReference; lastKnownFileType = wrapper.xcdatamodel; path = essence.xcdatamodel; sourceTree = "<group>"; };
		91A720321C8BE61F00D0C54F /* Assets.xcassets */ = {isa = PBXFileReference; lastKnownFileType = folder.assetcatalog; path = Assets.xcassets; sourceTree = "<group>"; };
		91A720351C8BE61F00D0C54F /* Base */ = {isa = PBXFileReference; lastKnownFileType = file.storyboard; name = Base; path = Base.lproj/LaunchScreen.storyboard; sourceTree = "<group>"; };
		91A720371C8BE61F00D0C54F /* Info.plist */ = {isa = PBXFileReference; lastKnownFileType = text.plist.xml; path = Info.plist; sourceTree = "<group>"; };
		91A7203C1C8BE61F00D0C54F /* essenceTests.xctest */ = {isa = PBXFileReference; explicitFileType = wrapper.cfbundle; includeInIndex = 0; path = essenceTests.xctest; sourceTree = BUILT_PRODUCTS_DIR; };
		91A720401C8BE61F00D0C54F /* essenceTests.swift */ = {isa = PBXFileReference; lastKnownFileType = sourcecode.swift; path = essenceTests.swift; sourceTree = "<group>"; };
		91A720421C8BE61F00D0C54F /* Info.plist */ = {isa = PBXFileReference; lastKnownFileType = text.plist.xml; path = Info.plist; sourceTree = "<group>"; };
		91A720471C8BE61F00D0C54F /* essenceUITests.xctest */ = {isa = PBXFileReference; explicitFileType = wrapper.cfbundle; includeInIndex = 0; path = essenceUITests.xctest; sourceTree = BUILT_PRODUCTS_DIR; };
		91A7204B1C8BE61F00D0C54F /* essenceUITests.swift */ = {isa = PBXFileReference; lastKnownFileType = sourcecode.swift; path = essenceUITests.swift; sourceTree = "<group>"; };
		91A7204D1C8BE61F00D0C54F /* Info.plist */ = {isa = PBXFileReference; lastKnownFileType = text.plist.xml; path = Info.plist; sourceTree = "<group>"; };
/* End PBXFileReference section */

/* Begin PBXFrameworksBuildPhase section */
		91A720221C8BE61F00D0C54F /* Frameworks */ = {
			isa = PBXFrameworksBuildPhase;
			buildActionMask = 2147483647;
			files = (
			);
			runOnlyForDeploymentPostprocessing = 0;
		};
		91A720391C8BE61F00D0C54F /* Frameworks */ = {
			isa = PBXFrameworksBuildPhase;
			buildActionMask = 2147483647;
			files = (
			);
			runOnlyForDeploymentPostprocessing = 0;
		};
		91A720441C8BE61F00D0C54F /* Frameworks */ = {
			isa = PBXFrameworksBuildPhase;
			buildActionMask = 2147483647;
			files = (
			);
			runOnlyForDeploymentPostprocessing = 0;
		};
/* End PBXFrameworksBuildPhase section */

/* Begin PBXGroup section */
		91A7201C1C8BE61F00D0C54F = {
			isa = PBXGroup;
			children = (
				911D525C1CA15C240015CA76 /* MyPlayground.playground */,
				911D525A1CA144F90015CA76 /* ToDoItem.swift */,
				911D52581CA144BE0015CA76 /* TableViewCellDeletion.swift */,
				918F18C01C9F8E9F00A56C32 /* DivergentCell.swift */,
				91877D4A1C9EBE9600F77A2C /* MaterailView.swift */,
				91877D441C9EBDD500F77A2C /* Color.swift */,
				91A720271C8BE61F00D0C54F /* essence */,
				91A7203F1C8BE61F00D0C54F /* essenceTests */,
				91A7204A1C8BE61F00D0C54F /* essenceUITests */,
				91A720261C8BE61F00D0C54F /* Products */,
			);
			sourceTree = "<group>";
		};
		91A720261C8BE61F00D0C54F /* Products */ = {
			isa = PBXGroup;
			children = (
				91A720251C8BE61F00D0C54F /* essence.app */,
				91A7203C1C8BE61F00D0C54F /* essenceTests.xctest */,
				91A720471C8BE61F00D0C54F /* essenceUITests.xctest */,
			);
			name = Products;
			sourceTree = "<group>";
		};
		91A720271C8BE61F00D0C54F /* essence */ = {
			isa = PBXGroup;
			children = (
				91A720281C8BE61F00D0C54F /* AppDelegate.swift */,
				919E9C831C9EB956009BBF7D /* Divergent.swift */,
				917D884F1C8EBD0300631060 /* IdeaCell.swift */,
				917D884D1C8EBBD300631060 /* MainIdeas.swift */,
				91A7202C1C8BE61F00D0C54F /* Main.storyboard */,
				91A720321C8BE61F00D0C54F /* Assets.xcassets */,
				91A720341C8BE61F00D0C54F /* LaunchScreen.storyboard */,
				91A720371C8BE61F00D0C54F /* Info.plist */,
				91A7202F1C8BE61F00D0C54F /* essence.xcdatamodeld */,
				917D88511C8EC3C300631060 /* MateralTextField.swift */,
				917D88531C8EC3E500631060 /* Constants.swift */,
			);
			path = essence;
			sourceTree = "<group>";
		};
		91A7203F1C8BE61F00D0C54F /* essenceTests */ = {
			isa = PBXGroup;
			children = (
				91A720401C8BE61F00D0C54F /* essenceTests.swift */,
				91A720421C8BE61F00D0C54F /* Info.plist */,
			);
			path = essenceTests;
			sourceTree = "<group>";
		};
		91A7204A1C8BE61F00D0C54F /* essenceUITests */ = {
			isa = PBXGroup;
			children = (
				91A7204B1C8BE61F00D0C54F /* essenceUITests.swift */,
				91A7204D1C8BE61F00D0C54F /* Info.plist */,
			);
			path = essenceUITests;
			sourceTree = "<group>";
		};
/* End PBXGroup section */

/* Begin PBXNativeTarget section */
		91A720241C8BE61F00D0C54F /* essence */ = {
			isa = PBXNativeTarget;
			buildConfigurationList = 91A720501C8BE61F00D0C54F /* Build configuration list for PBXNativeTarget "essence" */;
			buildPhases = (
				91A720211C8BE61F00D0C54F /* Sources */,
				91A720221C8BE61F00D0C54F /* Frameworks */,
				91A720231C8BE61F00D0C54F /* Resources */,
			);
			buildRules = (
			);
			dependencies = (
			);
			name = essence;
			productName = essence;
			productReference = 91A720251C8BE61F00D0C54F /* essence.app */;
			productType = "com.apple.product-type.application";
		};
		91A7203B1C8BE61F00D0C54F /* essenceTests */ = {
			isa = PBXNativeTarget;
			buildConfigurationList = 91A720531C8BE61F00D0C54F /* Build configuration list for PBXNativeTarget "essenceTests" */;
			buildPhases = (
				91A720381C8BE61F00D0C54F /* Sources */,
				91A720391C8BE61F00D0C54F /* Frameworks */,
				91A7203A1C8BE61F00D0C54F /* Resources */,
			);
			buildRules = (
			);
			dependencies = (
				91A7203E1C8BE61F00D0C54F /* PBXTargetDependency */,
			);
			name = essenceTests;
			productName = essenceTests;
			productReference = 91A7203C1C8BE61F00D0C54F /* essenceTests.xctest */;
			productType = "com.apple.product-type.bundle.unit-test";
		};
		91A720461C8BE61F00D0C54F /* essenceUITests */ = {
			isa = PBXNativeTarget;
			buildConfigurationList = 91A720561C8BE61F00D0C54F /* Build configuration list for PBXNativeTarget "essenceUITests" */;
			buildPhases = (
				91A720431C8BE61F00D0C54F /* Sources */,
				91A720441C8BE61F00D0C54F /* Frameworks */,
				91A720451C8BE61F00D0C54F /* Resources */,
			);
			buildRules = (
			);
			dependencies = (
				91A720491C8BE61F00D0C54F /* PBXTargetDependency */,
			);
			name = essenceUITests;
			productName = essenceUITests;
			productReference = 91A720471C8BE61F00D0C54F /* essenceUITests.xctest */;
			productType = "com.apple.product-type.bundle.ui-testing";
		};
/* End PBXNativeTarget section */

/* Begin PBXProject section */
		91A7201D1C8BE61F00D0C54F /* Project object */ = {
			isa = PBXProject;
			attributes = {
				LastSwiftUpdateCheck = 0720;
				LastUpgradeCheck = 0720;
				ORGANIZATIONNAME = "martin chibwe";
				TargetAttributes = {
					91A720241C8BE61F00D0C54F = {
						CreatedOnToolsVersion = 7.2;
					};
					91A7203B1C8BE61F00D0C54F = {
						CreatedOnToolsVersion = 7.2;
						TestTargetID = 91A720241C8BE61F00D0C54F;
					};
					91A720461C8BE61F00D0C54F = {
						CreatedOnToolsVersion = 7.2;
						TestTargetID = 91A720241C8BE61F00D0C54F;
					};
				};
			};
			buildConfigurationList = 91A720201C8BE61F00D0C54F /* Build configuration list for PBXProject "essence" */;
			compatibilityVersion = "Xcode 3.2";
			developmentRegion = English;
			hasScannedForEncodings = 0;
			knownRegions = (
				en,
				Base,
			);
			mainGroup = 91A7201C1C8BE61F00D0C54F;
			productRefGroup = 91A720261C8BE61F00D0C54F /* Products */;
			projectDirPath = "";
			projectRoot = "";
			targets = (
				91A720241C8BE61F00D0C54F /* essence */,
				91A7203B1C8BE61F00D0C54F /* essenceTests */,
				91A720461C8BE61F00D0C54F /* essenceUITests */,
			);
		};
/* End PBXProject section */

/* Begin PBXResourcesBuildPhase section */
		91A720231C8BE61F00D0C54F /* Resources */ = {
			isa = PBXResourcesBuildPhase;
			buildActionMask = 2147483647;
			files = (
				91A720361C8BE61F00D0C54F /* LaunchScreen.storyboard in Resources */,
				91A720331C8BE61F00D0C54F /* Assets.xcassets in Resources */,
				91A7202E1C8BE61F00D0C54F /* Main.storyboard in Resources */,
			);
			runOnlyForDeploymentPostprocessing = 0;
		};
		91A7203A1C8BE61F00D0C54F /* Resources */ = {
			isa = PBXResourcesBuildPhase;
			buildActionMask = 2147483647;
			files = (
			);
			runOnlyForDeploymentPostprocessing = 0;
		};
		91A720451C8BE61F00D0C54F /* Resources */ = {
			isa = PBXResourcesBuildPhase;
			buildActionMask = 2147483647;
			files = (
			);
			runOnlyForDeploymentPostprocessing = 0;
		};
/* End PBXResourcesBuildPhase section */

/* Begin PBXSourcesBuildPhase section */
		91A720211C8BE61F00D0C54F /* Sources */ = {
			isa = PBXSourcesBuildPhase;
			buildActionMask = 2147483647;
			files = (
				917D88501C8EBD0300631060 /* IdeaCell.swift in Sources */,
				917D88521C8EC3C400631060 /* MateralTextField.swift in Sources */,
				917D884E1C8EBBD300631060 /* MainIdeas.swift in Sources */,
				91A720311C8BE61F00D0C54F /* essence.xcdatamodeld in Sources */,
				91A720291C8BE61F00D0C54F /* AppDelegate.swift in Sources */,
				918F18C11C9F8E9F00A56C32 /* DivergentCell.swift in Sources */,
				91877D451C9EBDD500F77A2C /* Color.swift in Sources */,
				917D88541C8EC3E500631060 /* Constants.swift in Sources */,
				911D525B1CA144F90015CA76 /* ToDoItem.swift in Sources */,
				911D52591CA144BE0015CA76 /* TableViewCellDeletion.swift in Sources */,
				919E9C841C9EB956009BBF7D /* Divergent.swift in Sources */,
				91877D4B1C9EBE9600F77A2C /* MaterailView.swift in Sources */,
			);
			runOnlyForDeploymentPostprocessing = 0;
		};
		91A720381C8BE61F00D0C54F /* Sources */ = {
			isa = PBXSourcesBuildPhase;
			buildActionMask = 2147483647;
			files = (
				91A720411C8BE61F00D0C54F /* essenceTests.swift in Sources */,
			);
			runOnlyForDeploymentPostprocessing = 0;
		};
		91A720431C8BE61F00D0C54F /* Sources */ = {
			isa = PBXSourcesBuildPhase;
			buildActionMask = 2147483647;
			files = (
				91A7204C1C8BE61F00D0C54F /* essenceUITests.swift in Sources */,
			);
			runOnlyForDeploymentPostprocessing = 0;
		};
/* End PBXSourcesBuildPhase section */

/* Begin PBXTargetDependency section */
		91A7203E1C8BE61F00D0C54F /* PBXTargetDependency */ = {
			isa = PBXTargetDependency;
			target = 91A720241C8BE61F00D0C54F /* essence */;
			targetProxy = 91A7203D1C8BE61F00D0C54F /* PBXContainerItemProxy */;
		};
		91A720491C8BE61F00D0C54F /* PBXTargetDependency */ = {
			isa = PBXTargetDependency;
			target = 91A720241C8BE61F00D0C54F /* essence */;
			targetProxy = 91A720481C8BE61F00D0C54F /* PBXContainerItemProxy */;
		};
/* End PBXTargetDependency section */

/* Begin PBXVariantGroup section */
		91A7202C1C8BE61F00D0C54F /* Main.storyboard */ = {
			isa = PBXVariantGroup;
			children = (
				91A7202D1C8BE61F00D0C54F /* Base */,
			);
			name = Main.storyboard;
			sourceTree = "<group>";
		};
		91A720341C8BE61F00D0C54F /* LaunchScreen.storyboard */ = {
			isa = PBXVariantGroup;
			children = (
				91A720351C8BE61F00D0C54F /* Base */,
			);
			name = LaunchScreen.storyboard;
			sourceTree = "<group>";
		};
/* End PBXVariantGroup section */

/* Begin XCBuildConfiguration section */
		91A7204E1C8BE61F00D0C54F /* Debug */ = {
			isa = XCBuildConfiguration;
			buildSettings = {
				ALWAYS_SEARCH_USER_PATHS = NO;
				CLANG_CXX_LANGUAGE_STANDARD = "gnu++0x";
				CLANG_CXX_LIBRARY = "libc++";
				CLANG_ENABLE_MODULES = YES;
				CLANG_ENABLE_OBJC_ARC = YES;
				CLANG_WARN_BOOL_CONVERSION = YES;
				CLANG_WARN_CONSTANT_CONVERSION = YES;
				CLANG_WARN_DIRECT_OBJC_ISA_USAGE = YES_ERROR;
				CLANG_WARN_EMPTY_BODY = YES;
				CLANG_WARN_ENUM_CONVERSION = YES;
				CLANG_WARN_INT_CONVERSION = YES;
				CLANG_WARN_OBJC_ROOT_CLASS = YES_ERROR;
				CLANG_WARN_UNREACHABLE_CODE = YES;
				CLANG_WARN__DUPLICATE_METHOD_MATCH = YES;
				"CODE_SIGN_IDENTITY[sdk=iphoneos*]" = "iPhone Developer";
				COPY_PHASE_STRIP = NO;
				DEBUG_INFORMATION_FORMAT = dwarf;
				ENABLE_STRICT_OBJC_MSGSEND = YES;
				ENABLE_TESTABILITY = YES;
				GCC_C_LANGUAGE_STANDARD = gnu99;
				GCC_DYNAMIC_NO_PIC = NO;
				GCC_NO_COMMON_BLOCKS = YES;
				GCC_OPTIMIZATION_LEVEL = 0;
				GCC_PREPROCESSOR_DEFINITIONS = (
					"DEBUG=1",
					"$(inherited)",
				);
				GCC_WARN_64_TO_32_BIT_CONVERSION = YES;
				GCC_WARN_ABOUT_RETURN_TYPE = YES_ERROR;
				GCC_WARN_UNDECLARED_SELECTOR = YES;
				GCC_WARN_UNINITIALIZED_AUTOS = YES_AGGRESSIVE;
				GCC_WARN_UNUSED_FUNCTION = YES;
				GCC_WARN_UNUSED_VARIABLE = YES;
				IPHONEOS_DEPLOYMENT_TARGET = 9.2;
				MTL_ENABLE_DEBUG_INFO = YES;
				ONLY_ACTIVE_ARCH = YES;
				SDKROOT = iphoneos;
				SWIFT_OPTIMIZATION_LEVEL = "-Onone";
			};
			name = Debug;
		};
		91A7204F1C8BE61F00D0C54F /* Release */ = {
			isa = XCBuildConfiguration;
			buildSettings = {
				ALWAYS_SEARCH_USER_PATHS = NO;
				CLANG_CXX_LANGUAGE_STANDARD = "gnu++0x";
				CLANG_CXX_LIBRARY = "libc++";
				CLANG_ENABLE_MODULES = YES;
				CLANG_ENABLE_OBJC_ARC = YES;
				CLANG_WARN_BOOL_CONVERSION = YES;
				CLANG_WARN_CONSTANT_CONVERSION = YES;
				CLANG_WARN_DIRECT_OBJC_ISA_USAGE = YES_ERROR;
				CLANG_WARN_EMPTY_BODY = YES;
				CLANG_WARN_ENUM_CONVERSION = YES;
				CLANG_WARN_INT_CONVERSION = YES;
				CLANG_WARN_OBJC_ROOT_CLASS = YES_ERROR;
				CLANG_WARN_UNREACHABLE_CODE = YES;
				CLANG_WARN__DUPLICATE_METHOD_MATCH = YES;
				"CODE_SIGN_IDENTITY[sdk=iphoneos*]" = "iPhone Developer";
				COPY_PHASE_STRIP = NO;
				DEBUG_INFORMATION_FORMAT = "dwarf-with-dsym";
				ENABLE_NS_ASSERTIONS = NO;
				ENABLE_STRICT_OBJC_MSGSEND = YES;
				GCC_C_LANGUAGE_STANDARD = gnu99;
				GCC_NO_COMMON_BLOCKS = YES;
				GCC_WARN_64_TO_32_BIT_CONVERSION = YES;
				GCC_WARN_ABOUT_RETURN_TYPE = YES_ERROR;
				GCC_WARN_UNDECLARED_SELECTOR = YES;
				GCC_WARN_UNINITIALIZED_AUTOS = YES_AGGRESSIVE;
				GCC_WARN_UNUSED_FUNCTION = YES;
				GCC_WARN_UNUSED_VARIABLE = YES;
				IPHONEOS_DEPLOYMENT_TARGET = 9.2;
				MTL_ENABLE_DEBUG_INFO = NO;
				SDKROOT = iphoneos;
				VALIDATE_PRODUCT = YES;
			};
			name = Release;
		};
		91A720511C8BE61F00D0C54F /* Debug */ = {
			isa = XCBuildConfiguration;
			buildSettings = {
				ASSETCATALOG_COMPILER_APPICON_NAME = AppIcon;
				INFOPLIST_FILE = essence/Info.plist;
				LD_RUNPATH_SEARCH_PATHS = "$(inherited) @executable_path/Frameworks";
				PRODUCT_BUNDLE_IDENTIFIER = martinchibwe.essence;
				PRODUCT_NAME = "$(TARGET_NAME)";
			};
			name = Debug;
		};
		91A720521C8BE61F00D0C54F /* Release */ = {
			isa = XCBuildConfiguration;
			buildSettings = {
				ASSETCATALOG_COMPILER_APPICON_NAME = AppIcon;
				INFOPLIST_FILE = essence/Info.plist;
				LD_RUNPATH_SEARCH_PATHS = "$(inherited) @executable_path/Frameworks";
				PRODUCT_BUNDLE_IDENTIFIER = martinchibwe.essence;
				PRODUCT_NAME = "$(TARGET_NAME)";
			};
			name = Release;
		};
		91A720541C8BE61F00D0C54F /* Debug */ = {
			isa = XCBuildConfiguration;
			buildSettings = {
				BUNDLE_LOADER = "$(TEST_HOST)";
				INFOPLIST_FILE = essenceTests/Info.plist;
				LD_RUNPATH_SEARCH_PATHS = "$(inherited) @executable_path/Frameworks @loader_path/Frameworks";
				PRODUCT_BUNDLE_IDENTIFIER = martinchibwe.essenceTests;
				PRODUCT_NAME = "$(TARGET_NAME)";
				TEST_HOST = "$(BUILT_PRODUCTS_DIR)/essence.app/essence";
			};
			name = Debug;
		};
		91A720551C8BE61F00D0C54F /* Release */ = {
			isa = XCBuildConfiguration;
			buildSettings = {
				BUNDLE_LOADER = "$(TEST_HOST)";
				INFOPLIST_FILE = essenceTests/Info.plist;
				LD_RUNPATH_SEARCH_PATHS = "$(inherited) @executable_path/Frameworks @loader_path/Frameworks";
				PRODUCT_BUNDLE_IDENTIFIER = martinchibwe.essenceTests;
				PRODUCT_NAME = "$(TARGET_NAME)";
				TEST_HOST = "$(BUILT_PRODUCTS_DIR)/essence.app/essence";
			};
			name = Release;
		};
		91A720571C8BE61F00D0C54F /* Debug */ = {
			isa = XCBuildConfiguration;
			buildSettings = {
				INFOPLIST_FILE = essenceUITests/Info.plist;
				LD_RUNPATH_SEARCH_PATHS = "$(inherited) @executable_path/Frameworks @loader_path/Frameworks";
				PRODUCT_BUNDLE_IDENTIFIER = martinchibwe.essenceUITests;
				PRODUCT_NAME = "$(TARGET_NAME)";
				TEST_TARGET_NAME = essence;
				USES_XCTRUNNER = YES;
			};
			name = Debug;
		};
		91A720581C8BE61F00D0C54F /* Release */ = {
			isa = XCBuildConfiguration;
			buildSettings = {
				INFOPLIST_FILE = essenceUITests/Info.plist;
				LD_RUNPATH_SEARCH_PATHS = "$(inherited) @executable_path/Frameworks @loader_path/Frameworks";
				PRODUCT_BUNDLE_IDENTIFIER = martinchibwe.essenceUITests;
				PRODUCT_NAME = "$(TARGET_NAME)";
				TEST_TARGET_NAME = essence;
				USES_XCTRUNNER = YES;
			};
			name = Release;
		};
/* End XCBuildConfiguration section */

/* Begin XCConfigurationList section */
		91A720201C8BE61F00D0C54F /* Build configuration list for PBXProject "essence" */ = {
			isa = XCConfigurationList;
			buildConfigurations = (
				91A7204E1C8BE61F00D0C54F /* Debug */,
				91A7204F1C8BE61F00D0C54F /* Release */,
			);
			defaultConfigurationIsVisible = 0;
			defaultConfigurationName = Release;
		};
		91A720501C8BE61F00D0C54F /* Build configuration list for PBXNativeTarget "essence" */ = {
			isa = XCConfigurationList;
			buildConfigurations = (
				91A720511C8BE61F00D0C54F /* Debug */,
				91A720521C8BE61F00D0C54F /* Release */,
			);
			defaultConfigurationIsVisible = 0;
			defaultConfigurationName = Release;
		};
		91A720531C8BE61F00D0C54F /* Build configuration list for PBXNativeTarget "essenceTests" */ = {
			isa = XCConfigurationList;
			buildConfigurations = (
				91A720541C8BE61F00D0C54F /* Debug */,
				91A720551C8BE61F00D0C54F /* Release */,
			);
			defaultConfigurationIsVisible = 0;
			defaultConfigurationName = Release;
		};
		91A720561C8BE61F00D0C54F /* Build configuration list for PBXNativeTarget "essenceUITests" */ = {
			isa = XCConfigurationList;
			buildConfigurations = (
				91A720571C8BE61F00D0C54F /* Debug */,
				91A720581C8BE61F00D0C54F /* Release */,
			);
			defaultConfigurationIsVisible = 0;
			defaultConfigurationName = Release;
		};
/* End XCConfigurationList section */

/* Begin XCVersionGroup section */
		91A7202F1C8BE61F00D0C54F /* essence.xcdatamodeld */ = {
			isa = XCVersionGroup;
			children = (
				91A720301C8BE61F00D0C54F /* essence.xcdatamodel */,
			);
			currentVersion = 91A720301C8BE61F00D0C54F /* essence.xcdatamodel */;
			path = essence.xcdatamodeld;
			sourceTree = "<group>";
			versionGroupType = wrapper.xcdatamodel;
		};
/* End XCVersionGroup section */
	};
	rootObject = 91A7201D1C8BE61F00D0C54F /* Project object */;
}
